// !$*UTF8*$!
{
	archiveVersion = 1;
	classes = {
	};
	objectVersion = 46;
	objects = {

/* Begin PBXBuildFile section */
		6A5729A51907445200398C71 /* img_1.png in Resources */ = {isa = PBXBuildFile; fileRef = 6A57299C1907445200398C71 /* img_1.png */; };
		6A5729A61907445200398C71 /* img_2.png in Resources */ = {isa = PBXBuildFile; fileRef = 6A57299D1907445200398C71 /* img_2.png */; };
		6A5729A71907445200398C71 /* img_3@2x.png in Resources */ = {isa = PBXBuildFile; fileRef = 6A57299E1907445200398C71 /* img_3@2x.png */; };
		6A5729A81907445200398C71 /* img_4@2x.png in Resources */ = {isa = PBXBuildFile; fileRef = 6A57299F1907445200398C71 /* img_4@2x.png */; };
		6A5729A91907445200398C71 /* img_5@2x.png in Resources */ = {isa = PBXBuildFile; fileRef = 6A5729A01907445200398C71 /* img_5@2x.png */; };
		6A5729AB1907445200398C71 /* img_6@2x.png in Resources */ = {isa = PBXBuildFile; fileRef = 6A5729A21907445200398C71 /* img_6@2x.png */; };
		6A5729AC1907445200398C71 /* img_7@2x.png in Resources */ = {isa = PBXBuildFile; fileRef = 6A5729A31907445200398C71 /* img_7@2x.png */; };
		6A5729AD1907445200398C71 /* img_8@2x.png in Resources */ = {isa = PBXBuildFile; fileRef = 6A5729A41907445200398C71 /* img_8@2x.png */; };
		6A5729BF190745CE00398C71 /* AppIcon29x29.png in Resources */ = {isa = PBXBuildFile; fileRef = 6A5729AF190745CE00398C71 /* AppIcon29x29.png */; };
		6A5729C0190745CE00398C71 /* AppIcon29x29@2x.png in Resources */ = {isa = PBXBuildFile; fileRef = 6A5729B0190745CE00398C71 /* AppIcon29x29@2x.png */; };
		6A5729C1190745CE00398C71 /* AppIcon40x40.png in Resources */ = {isa = PBXBuildFile; fileRef = 6A5729B1190745CE00398C71 /* AppIcon40x40.png */; };
		6A5729C2190745CE00398C71 /* AppIcon40x40@2x.png in Resources */ = {isa = PBXBuildFile; fileRef = 6A5729B2190745CE00398C71 /* AppIcon40x40@2x.png */; };
		6A5729C3190745CE00398C71 /* AppIcon50x50.png in Resources */ = {isa = PBXBuildFile; fileRef = 6A5729B3190745CE00398C71 /* AppIcon50x50.png */; };
		6A5729C4190745CE00398C71 /* AppIcon50x50@2x.png in Resources */ = {isa = PBXBuildFile; fileRef = 6A5729B4190745CE00398C71 /* AppIcon50x50@2x.png */; };
		6A5729C5190745CE00398C71 /* AppIcon57x57.png in Resources */ = {isa = PBXBuildFile; fileRef = 6A5729B5190745CE00398C71 /* AppIcon57x57.png */; };
		6A5729C6190745CE00398C71 /* AppIcon57x57@2x.png in Resources */ = {isa = PBXBuildFile; fileRef = 6A5729B6190745CE00398C71 /* AppIcon57x57@2x.png */; };
		6A5729C7190745CE00398C71 /* AppIcon60x60.png in Resources */ = {isa = PBXBuildFile; fileRef = 6A5729B7190745CE00398C71 /* AppIcon60x60.png */; };
		6A5729C8190745CE00398C71 /* AppIcon60x60@2x.png in Resources */ = {isa = PBXBuildFile; fileRef = 6A5729B8190745CE00398C71 /* AppIcon60x60@2x.png */; };
		6A5729C9190745CE00398C71 /* AppIcon72x72.png in Resources */ = {isa = PBXBuildFile; fileRef = 6A5729B9190745CE00398C71 /* AppIcon72x72.png */; };
		6A5729CA190745CE00398C71 /* AppIcon72x72@2x.png in Resources */ = {isa = PBXBuildFile; fileRef = 6A5729BA190745CE00398C71 /* AppIcon72x72@2x.png */; };
		6A5729CB190745CE00398C71 /* AppIcon76x76.png in Resources */ = {isa = PBXBuildFile; fileRef = 6A5729BB190745CE00398C71 /* AppIcon76x76.png */; };
		6A5729CC190745CE00398C71 /* AppIcon76x76@2x.png in Resources */ = {isa = PBXBuildFile; fileRef = 6A5729BC190745CE00398C71 /* AppIcon76x76@2x.png */; };
		6A5729CD190745CE00398C71 /* iTunesArtwork.png in Resources */ = {isa = PBXBuildFile; fileRef = 6A5729BD190745CE00398C71 /* iTunesArtwork.png */; };
		6A5729CE190745CE00398C71 /* iTunesArtwork@2x.png in Resources */ = {isa = PBXBuildFile; fileRef = 6A5729BE190745CE00398C71 /* iTunesArtwork@2x.png */; };
		6A5729D219074E8400398C71 /* iPhone4Storyboard.storyboard in Resources */ = {isa = PBXBuildFile; fileRef = 6A5729D119074E8400398C71 /* iPhone4Storyboard.storyboard */; };
		6A81228C18F0A13E00D4EA81 /* Foundation.framework in Frameworks */ = {isa = PBXBuildFile; fileRef = 6A81228B18F0A13D00D4EA81 /* Foundation.framework */; };
		6A81228E18F0A13E00D4EA81 /* CoreGraphics.framework in Frameworks */ = {isa = PBXBuildFile; fileRef = 6A81228D18F0A13E00D4EA81 /* CoreGraphics.framework */; };
		6A81229018F0A13E00D4EA81 /* UIKit.framework in Frameworks */ = {isa = PBXBuildFile; fileRef = 6A81228F18F0A13E00D4EA81 /* UIKit.framework */; };
		6A81229618F0A13E00D4EA81 /* InfoPlist.strings in Resources */ = {isa = PBXBuildFile; fileRef = 6A81229418F0A13E00D4EA81 /* InfoPlist.strings */; };
		6A81229818F0A13E00D4EA81 /* main.m in Sources */ = {isa = PBXBuildFile; fileRef = 6A81229718F0A13E00D4EA81 /* main.m */; };
		6A81229C18F0A13E00D4EA81 /* SRBAppDelegate.m in Sources */ = {isa = PBXBuildFile; fileRef = 6A81229B18F0A13E00D4EA81 /* SRBAppDelegate.m */; };
		6A81229F18F0A13E00D4EA81 /* Main.storyboard in Resources */ = {isa = PBXBuildFile; fileRef = 6A81229D18F0A13E00D4EA81 /* Main.storyboard */; };
		6A8122A218F0A13E00D4EA81 /* SRBFirstViewController.m in Sources */ = {isa = PBXBuildFile; fileRef = 6A8122A118F0A13E00D4EA81 /* SRBFirstViewController.m */; };
		6A8122A518F0A13E00D4EA81 /* SRBSecondViewController.m in Sources */ = {isa = PBXBuildFile; fileRef = 6A8122A418F0A13E00D4EA81 /* SRBSecondViewController.m */; };
		6A8122A718F0A13E00D4EA81 /* Images.xcassets in Resources */ = {isa = PBXBuildFile; fileRef = 6A8122A618F0A13E00D4EA81 /* Images.xcassets */; };
		6A8122AE18F0A13E00D4EA81 /* XCTest.framework in Frameworks */ = {isa = PBXBuildFile; fileRef = 6A8122AD18F0A13E00D4EA81 /* XCTest.framework */; };
		6A8122AF18F0A13E00D4EA81 /* Foundation.framework in Frameworks */ = {isa = PBXBuildFile; fileRef = 6A81228B18F0A13D00D4EA81 /* Foundation.framework */; };
		6A8122B018F0A13E00D4EA81 /* UIKit.framework in Frameworks */ = {isa = PBXBuildFile; fileRef = 6A81228F18F0A13E00D4EA81 /* UIKit.framework */; };
		6A8122B818F0A13E00D4EA81 /* InfoPlist.strings in Resources */ = {isa = PBXBuildFile; fileRef = 6A8122B618F0A13E00D4EA81 /* InfoPlist.strings */; };
		6A8122BA18F0A13E00D4EA81 /* iSRBTests.m in Sources */ = {isa = PBXBuildFile; fileRef = 6A8122B918F0A13E00D4EA81 /* iSRBTests.m */; };
		6A8122C518F0A35100D4EA81 /* iPhone(3.5 inch).png in Resources */ = {isa = PBXBuildFile; fileRef = 6A8122C318F0A35100D4EA81 /* iPhone(3.5 inch).png */; };
		6A8122C618F0A35100D4EA81 /* iPhone(4 inch).png in Resources */ = {isa = PBXBuildFile; fileRef = 6A8122C418F0A35100D4EA81 /* iPhone(4 inch).png */; };
		6A8122EB18F894E300D4EA81 /* 53-house.png in Resources */ = {isa = PBXBuildFile; fileRef = 6A8122E818F894E300D4EA81 /* 53-house.png */; };
		6A8122EC18F894E300D4EA81 /* 63-runner.png in Resources */ = {isa = PBXBuildFile; fileRef = 6A8122E918F894E300D4EA81 /* 63-runner.png */; };
		6A8122ED18F894E300D4EA81 /* 124-bullhorn.png in Resources */ = {isa = PBXBuildFile; fileRef = 6A8122EA18F894E300D4EA81 /* 124-bullhorn.png */; };
		6A8122EF18F8961500D4EA81 /* Logo-NoBackground.png in Resources */ = {isa = PBXBuildFile; fileRef = 6A8122EE18F8961500D4EA81 /* Logo-NoBackground.png */; };
		6A8122F118F8A50800D4EA81 /* image.png in Resources */ = {isa = PBXBuildFile; fileRef = 6A8122F018F8A50800D4EA81 /* image.png */; };
		6A8122F618F9E36200D4EA81 /* SRBThirdViewController.m in Sources */ = {isa = PBXBuildFile; fileRef = 6A8122F518F9E36200D4EA81 /* SRBThirdViewController.m */; };
		6A9797B81911A6E100BB4B8F /* SRBInfoViewController.m in Sources */ = {isa = PBXBuildFile; fileRef = 6A9797B71911A6E100BB4B8F /* SRBInfoViewController.m */; };
		6A9797BB1911B53400BB4B8F /* PushNoAnimTrans.m in Sources */ = {isa = PBXBuildFile; fileRef = 6A9797BA1911B53400BB4B8F /* PushNoAnimTrans.m */; };
		6A9797BE1911EE8D00BB4B8F /* PushAnimTrans.m in Sources */ = {isa = PBXBuildFile; fileRef = 6A9797BD1911EE8D00BB4B8F /* PushAnimTrans.m */; };
		6A9797C41913040C00BB4B8F /* App Info.png in Resources */ = {isa = PBXBuildFile; fileRef = 6A9797C31913040C00BB4B8F /* App Info.png */; };
		6A9797C81913179800BB4B8F /* Important.png in Resources */ = {isa = PBXBuildFile; fileRef = 6A9797C71913179800BB4B8F /* Important.png */; };
		6A9797CE191327E500BB4B8F /* StudResc.png in Resources */ = {isa = PBXBuildFile; fileRef = 6A9797CD191327E500BB4B8F /* StudResc.png */; };
		6A9797D019133BA400BB4B8F /* Parse.framework in Frameworks */ = {isa = PBXBuildFile; fileRef = 6A9797CF19133BA400BB4B8F /* Parse.framework */; };
		6A9797D219133BDD00BB4B8F /* AudioToolbox.framework in Frameworks */ = {isa = PBXBuildFile; fileRef = 6A9797D119133BDD00BB4B8F /* AudioToolbox.framework */; };
		6A9797D419133BF800BB4B8F /* CFNetwork.framework in Frameworks */ = {isa = PBXBuildFile; fileRef = 6A9797D319133BF800BB4B8F /* CFNetwork.framework */; };
		6A9797D619133C0300BB4B8F /* CoreLocation.framework in Frameworks */ = {isa = PBXBuildFile; fileRef = 6A9797D519133C0300BB4B8F /* CoreLocation.framework */; };
		6A9797D819133C1100BB4B8F /* libz.dylib in Frameworks */ = {isa = PBXBuildFile; fileRef = 6A9797D719133C1100BB4B8F /* libz.dylib */; };
		6A9797DA19133C1B00BB4B8F /* MobileCoreServices.framework in Frameworks */ = {isa = PBXBuildFile; fileRef = 6A9797D919133C1B00BB4B8F /* MobileCoreServices.framework */; };
		6A9797DC19133C4E00BB4B8F /* Security.framework in Frameworks */ = {isa = PBXBuildFile; fileRef = 6A9797DB19133C4E00BB4B8F /* Security.framework */; };
		6A9797E019133C5E00BB4B8F /* SystemConfiguration.framework in Frameworks */ = {isa = PBXBuildFile; fileRef = 6A9797DF19133C5E00BB4B8F /* SystemConfiguration.framework */; };
		6A9797E119133E7A00BB4B8F /* QuartzCore.framework in Frameworks */ = {isa = PBXBuildFile; fileRef = 6AD301B318FB435200B2C89D /* QuartzCore.framework */; };
		6A9797E51913C03C00BB4B8F /* FacebookSDK.framework in Frameworks */ = {isa = PBXBuildFile; fileRef = 6A9797E41913C03C00BB4B8F /* FacebookSDK.framework */; };
		6AE4F3581901FB78000C074E /* NSDateFormatter+STTwitter.m in Sources */ = {isa = PBXBuildFile; fileRef = 6AE4F33C1901FB78000C074E /* NSDateFormatter+STTwitter.m */; };
		6AE4F3591901FB78000C074E /* NSError+STTwitter.m in Sources */ = {isa = PBXBuildFile; fileRef = 6AE4F33E1901FB78000C074E /* NSError+STTwitter.m */; };
		6AE4F35A1901FB78000C074E /* NSString+STTwitter.m in Sources */ = {isa = PBXBuildFile; fileRef = 6AE4F3401901FB78000C074E /* NSString+STTwitter.m */; };
		6AE4F35B1901FB78000C074E /* STHTTPRequest+STTwitter.m in Sources */ = {isa = PBXBuildFile; fileRef = 6AE4F3421901FB78000C074E /* STHTTPRequest+STTwitter.m */; };
		6AE4F35C1901FB78000C074E /* STTwitterAPI.m in Sources */ = {isa = PBXBuildFile; fileRef = 6AE4F3451901FB78000C074E /* STTwitterAPI.m */; };
		6AE4F35D1901FB78000C074E /* STTwitterAppOnly.m in Sources */ = {isa = PBXBuildFile; fileRef = 6AE4F3471901FB78000C074E /* STTwitterAppOnly.m */; };
		6AE4F35E1901FB78000C074E /* STTwitterHTML.m in Sources */ = {isa = PBXBuildFile; fileRef = 6AE4F3491901FB78000C074E /* STTwitterHTML.m */; };
		6AE4F35F1901FB78000C074E /* STTwitterOAuth.m in Sources */ = {isa = PBXBuildFile; fileRef = 6AE4F34B1901FB78000C074E /* STTwitterOAuth.m */; };
		6AE4F3601901FB78000C074E /* STTwitterOS.m in Sources */ = {isa = PBXBuildFile; fileRef = 6AE4F34D1901FB78000C074E /* STTwitterOS.m */; };
		6AE4F3611901FB78000C074E /* STTwitterOSRequest.m in Sources */ = {isa = PBXBuildFile; fileRef = 6AE4F34F1901FB78000C074E /* STTwitterOSRequest.m */; };
		6AE4F3621901FB78000C074E /* BAVPlistNode.m in Sources */ = {isa = PBXBuildFile; fileRef = 6AE4F3531901FB78000C074E /* BAVPlistNode.m */; };
		6AE4F3631901FB78000C074E /* JSONSyntaxHighlight.m in Sources */ = {isa = PBXBuildFile; fileRef = 6AE4F3551901FB78000C074E /* JSONSyntaxHighlight.m */; };
		6AE4F3641901FB78000C074E /* STHTTPRequest.m in Sources */ = {isa = PBXBuildFile; fileRef = 6AE4F3571901FB78000C074E /* STHTTPRequest.m */; };
		6AE4F3661901FBD5000C074E /* Accounts.framework in Frameworks */ = {isa = PBXBuildFile; fileRef = 6AE4F3651901FBD5000C074E /* Accounts.framework */; };
		6AE4F3681901FBDD000C074E /* Twitter.framework in Frameworks */ = {isa = PBXBuildFile; fileRef = 6AE4F3671901FBDD000C074E /* Twitter.framework */; };
		6AE4F36A1901FBE4000C074E /* Social.framework in Frameworks */ = {isa = PBXBuildFile; fileRef = 6AE4F3691901FBE4000C074E /* Social.framework */; };
		D2C25C8DC4DE4F7FA0D5F01A /* libPods.a in Frameworks */ = {isa = PBXBuildFile; fileRef = C3FBD51CBB0749BABF139DB6 /* libPods.a */; };
/* End PBXBuildFile section */

/* Begin PBXContainerItemProxy section */
		6A8122B118F0A13E00D4EA81 /* PBXContainerItemProxy */ = {
			isa = PBXContainerItemProxy;
			containerPortal = 6A81228018F0A13D00D4EA81 /* Project object */;
			proxyType = 1;
			remoteGlobalIDString = 6A81228718F0A13D00D4EA81;
			remoteInfo = iSRB;
		};
/* End PBXContainerItemProxy section */

/* Begin PBXFileReference section */
		5DCC582734724F1C9656C7A0 /* Pods.xcconfig */ = {isa = PBXFileReference; includeInIndex = 1; lastKnownFileType = text.xcconfig; name = Pods.xcconfig; path = Pods/Pods.xcconfig; sourceTree = "<group>"; };
		6A57299C1907445200398C71 /* img_1.png */ = {isa = PBXFileReference; lastKnownFileType = image.png; path = img_1.png; sourceTree = "<group>"; };
		6A57299D1907445200398C71 /* img_2.png */ = {isa = PBXFileReference; lastKnownFileType = image.png; path = img_2.png; sourceTree = "<group>"; };
		6A57299E1907445200398C71 /* img_3@2x.png */ = {isa = PBXFileReference; lastKnownFileType = image.png; path = "img_3@2x.png"; sourceTree = "<group>"; };
		6A57299F1907445200398C71 /* img_4@2x.png */ = {isa = PBXFileReference; lastKnownFileType = image.png; path = "img_4@2x.png"; sourceTree = "<group>"; };
		6A5729A01907445200398C71 /* img_5@2x.png */ = {isa = PBXFileReference; lastKnownFileType = image.png; path = "img_5@2x.png"; sourceTree = "<group>"; };
		6A5729A21907445200398C71 /* img_6@2x.png */ = {isa = PBXFileReference; lastKnownFileType = image.png; path = "img_6@2x.png"; sourceTree = "<group>"; };
		6A5729A31907445200398C71 /* img_7@2x.png */ = {isa = PBXFileReference; lastKnownFileType = image.png; path = "img_7@2x.png"; sourceTree = "<group>"; };
		6A5729A41907445200398C71 /* img_8@2x.png */ = {isa = PBXFileReference; lastKnownFileType = image.png; path = "img_8@2x.png"; sourceTree = "<group>"; };
		6A5729AF190745CE00398C71 /* AppIcon29x29.png */ = {isa = PBXFileReference; lastKnownFileType = image.png; path = AppIcon29x29.png; sourceTree = "<group>"; };
		6A5729B0190745CE00398C71 /* AppIcon29x29@2x.png */ = {isa = PBXFileReference; lastKnownFileType = image.png; path = "AppIcon29x29@2x.png"; sourceTree = "<group>"; };
		6A5729B1190745CE00398C71 /* AppIcon40x40.png */ = {isa = PBXFileReference; lastKnownFileType = image.png; path = AppIcon40x40.png; sourceTree = "<group>"; };
		6A5729B2190745CE00398C71 /* AppIcon40x40@2x.png */ = {isa = PBXFileReference; lastKnownFileType = image.png; path = "AppIcon40x40@2x.png"; sourceTree = "<group>"; };
		6A5729B3190745CE00398C71 /* AppIcon50x50.png */ = {isa = PBXFileReference; lastKnownFileType = image.png; path = AppIcon50x50.png; sourceTree = "<group>"; };
		6A5729B4190745CE00398C71 /* AppIcon50x50@2x.png */ = {isa = PBXFileReference; lastKnownFileType = image.png; path = "AppIcon50x50@2x.png"; sourceTree = "<group>"; };
		6A5729B5190745CE00398C71 /* AppIcon57x57.png */ = {isa = PBXFileReference; lastKnownFileType = image.png; path = AppIcon57x57.png; sourceTree = "<group>"; };
		6A5729B6190745CE00398C71 /* AppIcon57x57@2x.png */ = {isa = PBXFileReference; lastKnownFileType = image.png; path = "AppIcon57x57@2x.png"; sourceTree = "<group>"; };
		6A5729B7190745CE00398C71 /* AppIcon60x60.png */ = {isa = PBXFileReference; lastKnownFileType = image.png; path = AppIcon60x60.png; sourceTree = "<group>"; };
		6A5729B8190745CE00398C71 /* AppIcon60x60@2x.png */ = {isa = PBXFileReference; lastKnownFileType = image.png; path = "AppIcon60x60@2x.png"; sourceTree = "<group>"; };
		6A5729B9190745CE00398C71 /* AppIcon72x72.png */ = {isa = PBXFileReference; lastKnownFileType = image.png; path = AppIcon72x72.png; sourceTree = "<group>"; };
		6A5729BA190745CE00398C71 /* AppIcon72x72@2x.png */ = {isa = PBXFileReference; lastKnownFileType = image.png; path = "AppIcon72x72@2x.png"; sourceTree = "<group>"; };
		6A5729BB190745CE00398C71 /* AppIcon76x76.png */ = {isa = PBXFileReference; lastKnownFileType = image.png; path = AppIcon76x76.png; sourceTree = "<group>"; };
		6A5729BC190745CE00398C71 /* AppIcon76x76@2x.png */ = {isa = PBXFileReference; lastKnownFileType = image.png; path = "AppIcon76x76@2x.png"; sourceTree = "<group>"; };
		6A5729BD190745CE00398C71 /* iTunesArtwork.png */ = {isa = PBXFileReference; lastKnownFileType = image.png; path = iTunesArtwork.png; sourceTree = "<group>"; };
		6A5729BE190745CE00398C71 /* iTunesArtwork@2x.png */ = {isa = PBXFileReference; lastKnownFileType = image.png; path = "iTunesArtwork@2x.png"; sourceTree = "<group>"; };
		6A5729D119074E8400398C71 /* iPhone4Storyboard.storyboard */ = {isa = PBXFileReference; fileEncoding = 4; lastKnownFileType = file.storyboard; path = iPhone4Storyboard.storyboard; sourceTree = "<group>"; };
		6A81228818F0A13D00D4EA81 /* iSRB.app */ = {isa = PBXFileReference; explicitFileType = wrapper.application; includeInIndex = 0; path = iSRB.app; sourceTree = BUILT_PRODUCTS_DIR; };
		6A81228B18F0A13D00D4EA81 /* Foundation.framework */ = {isa = PBXFileReference; lastKnownFileType = wrapper.framework; name = Foundation.framework; path = System/Library/Frameworks/Foundation.framework; sourceTree = SDKROOT; };
		6A81228D18F0A13E00D4EA81 /* CoreGraphics.framework */ = {isa = PBXFileReference; lastKnownFileType = wrapper.framework; name = CoreGraphics.framework; path = System/Library/Frameworks/CoreGraphics.framework; sourceTree = SDKROOT; };
		6A81228F18F0A13E00D4EA81 /* UIKit.framework */ = {isa = PBXFileReference; lastKnownFileType = wrapper.framework; name = UIKit.framework; path = System/Library/Frameworks/UIKit.framework; sourceTree = SDKROOT; };
		6A81229318F0A13E00D4EA81 /* iSRB-Info.plist */ = {isa = PBXFileReference; lastKnownFileType = text.plist.xml; path = "iSRB-Info.plist"; sourceTree = "<group>"; };
		6A81229518F0A13E00D4EA81 /* en */ = {isa = PBXFileReference; lastKnownFileType = text.plist.strings; name = en; path = en.lproj/InfoPlist.strings; sourceTree = "<group>"; };
		6A81229718F0A13E00D4EA81 /* main.m */ = {isa = PBXFileReference; lastKnownFileType = sourcecode.c.objc; path = main.m; sourceTree = "<group>"; };
		6A81229918F0A13E00D4EA81 /* iSRB-Prefix.pch */ = {isa = PBXFileReference; lastKnownFileType = sourcecode.c.h; path = "iSRB-Prefix.pch"; sourceTree = "<group>"; };
		6A81229A18F0A13E00D4EA81 /* SRBAppDelegate.h */ = {isa = PBXFileReference; lastKnownFileType = sourcecode.c.h; path = SRBAppDelegate.h; sourceTree = "<group>"; };
		6A81229B18F0A13E00D4EA81 /* SRBAppDelegate.m */ = {isa = PBXFileReference; lastKnownFileType = sourcecode.c.objc; path = SRBAppDelegate.m; sourceTree = "<group>"; };
		6A81229E18F0A13E00D4EA81 /* Base */ = {isa = PBXFileReference; lastKnownFileType = file.storyboard; name = Base; path = Base.lproj/Main.storyboard; sourceTree = "<group>"; };
		6A8122A018F0A13E00D4EA81 /* SRBFirstViewController.h */ = {isa = PBXFileReference; lastKnownFileType = sourcecode.c.h; path = SRBFirstViewController.h; sourceTree = "<group>"; };
		6A8122A118F0A13E00D4EA81 /* SRBFirstViewController.m */ = {isa = PBXFileReference; lastKnownFileType = sourcecode.c.objc; path = SRBFirstViewController.m; sourceTree = "<group>"; };
		6A8122A318F0A13E00D4EA81 /* SRBSecondViewController.h */ = {isa = PBXFileReference; lastKnownFileType = sourcecode.c.h; path = SRBSecondViewController.h; sourceTree = "<group>"; };
		6A8122A418F0A13E00D4EA81 /* SRBSecondViewController.m */ = {isa = PBXFileReference; lastKnownFileType = sourcecode.c.objc; path = SRBSecondViewController.m; sourceTree = "<group>"; };
		6A8122A618F0A13E00D4EA81 /* Images.xcassets */ = {isa = PBXFileReference; lastKnownFileType = folder.assetcatalog; path = Images.xcassets; sourceTree = "<group>"; };
		6A8122AC18F0A13E00D4EA81 /* iSRBTests.xctest */ = {isa = PBXFileReference; explicitFileType = wrapper.cfbundle; includeInIndex = 0; path = iSRBTests.xctest; sourceTree = BUILT_PRODUCTS_DIR; };
		6A8122AD18F0A13E00D4EA81 /* XCTest.framework */ = {isa = PBXFileReference; lastKnownFileType = wrapper.framework; name = XCTest.framework; path = Library/Frameworks/XCTest.framework; sourceTree = DEVELOPER_DIR; };
		6A8122B518F0A13E00D4EA81 /* iSRBTests-Info.plist */ = {isa = PBXFileReference; lastKnownFileType = text.plist.xml; path = "iSRBTests-Info.plist"; sourceTree = "<group>"; };
		6A8122B718F0A13E00D4EA81 /* en */ = {isa = PBXFileReference; lastKnownFileType = text.plist.strings; name = en; path = en.lproj/InfoPlist.strings; sourceTree = "<group>"; };
		6A8122B918F0A13E00D4EA81 /* iSRBTests.m */ = {isa = PBXFileReference; lastKnownFileType = sourcecode.c.objc; path = iSRBTests.m; sourceTree = "<group>"; };
		6A8122C318F0A35100D4EA81 /* iPhone(3.5 inch).png */ = {isa = PBXFileReference; lastKnownFileType = image.png; path = "iPhone(3.5 inch).png"; sourceTree = "<group>"; };
		6A8122C418F0A35100D4EA81 /* iPhone(4 inch).png */ = {isa = PBXFileReference; lastKnownFileType = image.png; path = "iPhone(4 inch).png"; sourceTree = "<group>"; };
		6A8122E818F894E300D4EA81 /* 53-house.png */ = {isa = PBXFileReference; lastKnownFileType = image.png; path = "53-house.png"; sourceTree = "<group>"; };
		6A8122E918F894E300D4EA81 /* 63-runner.png */ = {isa = PBXFileReference; lastKnownFileType = image.png; path = "63-runner.png"; sourceTree = "<group>"; };
		6A8122EA18F894E300D4EA81 /* 124-bullhorn.png */ = {isa = PBXFileReference; lastKnownFileType = image.png; path = "124-bullhorn.png"; sourceTree = "<group>"; };
		6A8122EE18F8961500D4EA81 /* Logo-NoBackground.png */ = {isa = PBXFileReference; lastKnownFileType = image.png; path = "Logo-NoBackground.png"; sourceTree = "<group>"; };
		6A8122F018F8A50800D4EA81 /* image.png */ = {isa = PBXFileReference; lastKnownFileType = image.png; path = image.png; sourceTree = "<group>"; };
		6A8122F418F9E36200D4EA81 /* SRBThirdViewController.h */ = {isa = PBXFileReference; fileEncoding = 4; lastKnownFileType = sourcecode.c.h; path = SRBThirdViewController.h; sourceTree = "<group>"; };
		6A8122F518F9E36200D4EA81 /* SRBThirdViewController.m */ = {isa = PBXFileReference; fileEncoding = 4; lastKnownFileType = sourcecode.c.objc; path = SRBThirdViewController.m; sourceTree = "<group>"; };
		6A9797B61911A6E100BB4B8F /* SRBInfoViewController.h */ = {isa = PBXFileReference; fileEncoding = 4; lastKnownFileType = sourcecode.c.h; path = SRBInfoViewController.h; sourceTree = "<group>"; };
		6A9797B71911A6E100BB4B8F /* SRBInfoViewController.m */ = {isa = PBXFileReference; fileEncoding = 4; lastKnownFileType = sourcecode.c.objc; path = SRBInfoViewController.m; sourceTree = "<group>"; };
		6A9797B91911B53400BB4B8F /* PushNoAnimTrans.h */ = {isa = PBXFileReference; fileEncoding = 4; lastKnownFileType = sourcecode.c.h; path = PushNoAnimTrans.h; sourceTree = "<group>"; };
		6A9797BA1911B53400BB4B8F /* PushNoAnimTrans.m */ = {isa = PBXFileReference; fileEncoding = 4; lastKnownFileType = sourcecode.c.objc; path = PushNoAnimTrans.m; sourceTree = "<group>"; };
		6A9797BC1911EE8D00BB4B8F /* PushAnimTrans.h */ = {isa = PBXFileReference; fileEncoding = 4; lastKnownFileType = sourcecode.c.h; path = PushAnimTrans.h; sourceTree = "<group>"; };
		6A9797BD1911EE8D00BB4B8F /* PushAnimTrans.m */ = {isa = PBXFileReference; fileEncoding = 4; lastKnownFileType = sourcecode.c.objc; path = PushAnimTrans.m; sourceTree = "<group>"; };
		6A9797C31913040C00BB4B8F /* App Info.png */ = {isa = PBXFileReference; lastKnownFileType = image.png; path = "App Info.png"; sourceTree = "<group>"; };
		6A9797C71913179800BB4B8F /* Important.png */ = {isa = PBXFileReference; lastKnownFileType = image.png; path = Important.png; sourceTree = "<group>"; };
		6A9797CD191327E500BB4B8F /* StudResc.png */ = {isa = PBXFileReference; lastKnownFileType = image.png; path = StudResc.png; sourceTree = "<group>"; };
		6A9797CF19133BA400BB4B8F /* Parse.framework */ = {isa = PBXFileReference; lastKnownFileType = wrapper.framework; path = Parse.framework; sourceTree = "<group>"; };
		6A9797D119133BDD00BB4B8F /* AudioToolbox.framework */ = {isa = PBXFileReference; lastKnownFileType = wrapper.framework; name = AudioToolbox.framework; path = System/Library/Frameworks/AudioToolbox.framework; sourceTree = SDKROOT; };
		6A9797D319133BF800BB4B8F /* CFNetwork.framework */ = {isa = PBXFileReference; lastKnownFileType = wrapper.framework; name = CFNetwork.framework; path = System/Library/Frameworks/CFNetwork.framework; sourceTree = SDKROOT; };
		6A9797D519133C0300BB4B8F /* CoreLocation.framework */ = {isa = PBXFileReference; lastKnownFileType = wrapper.framework; name = CoreLocation.framework; path = System/Library/Frameworks/CoreLocation.framework; sourceTree = SDKROOT; };
		6A9797D719133C1100BB4B8F /* libz.dylib */ = {isa = PBXFileReference; lastKnownFileType = "compiled.mach-o.dylib"; name = libz.dylib; path = usr/lib/libz.dylib; sourceTree = SDKROOT; };
		6A9797D919133C1B00BB4B8F /* MobileCoreServices.framework */ = {isa = PBXFileReference; lastKnownFileType = wrapper.framework; name = MobileCoreServices.framework; path = System/Library/Frameworks/MobileCoreServices.framework; sourceTree = SDKROOT; };
		6A9797DB19133C4E00BB4B8F /* Security.framework */ = {isa = PBXFileReference; lastKnownFileType = wrapper.framework; name = Security.framework; path = System/Library/Frameworks/Security.framework; sourceTree = SDKROOT; };
		6A9797DF19133C5E00BB4B8F /* SystemConfiguration.framework */ = {isa = PBXFileReference; lastKnownFileType = wrapper.framework; name = SystemConfiguration.framework; path = System/Library/Frameworks/SystemConfiguration.framework; sourceTree = SDKROOT; };
		6A9797E41913C03C00BB4B8F /* FacebookSDK.framework */ = {isa = PBXFileReference; lastKnownFileType = wrapper.framework; path = FacebookSDK.framework; sourceTree = "<group>"; };
		6AD301B318FB435200B2C89D /* QuartzCore.framework */ = {isa = PBXFileReference; lastKnownFileType = wrapper.framework; name = QuartzCore.framework; path = System/Library/Frameworks/QuartzCore.framework; sourceTree = SDKROOT; };
		6AE4F33B1901FB78000C074E /* NSDateFormatter+STTwitter.h */ = {isa = PBXFileReference; fileEncoding = 4; lastKnownFileType = sourcecode.c.h; path = "NSDateFormatter+STTwitter.h"; sourceTree = "<group>"; };
		6AE4F33C1901FB78000C074E /* NSDateFormatter+STTwitter.m */ = {isa = PBXFileReference; fileEncoding = 4; lastKnownFileType = sourcecode.c.objc; path = "NSDateFormatter+STTwitter.m"; sourceTree = "<group>"; };
		6AE4F33D1901FB78000C074E /* NSError+STTwitter.h */ = {isa = PBXFileReference; fileEncoding = 4; lastKnownFileType = sourcecode.c.h; path = "NSError+STTwitter.h"; sourceTree = "<group>"; };
		6AE4F33E1901FB78000C074E /* NSError+STTwitter.m */ = {isa = PBXFileReference; fileEncoding = 4; lastKnownFileType = sourcecode.c.objc; path = "NSError+STTwitter.m"; sourceTree = "<group>"; };
		6AE4F33F1901FB78000C074E /* NSString+STTwitter.h */ = {isa = PBXFileReference; fileEncoding = 4; lastKnownFileType = sourcecode.c.h; path = "NSString+STTwitter.h"; sourceTree = "<group>"; };
		6AE4F3401901FB78000C074E /* NSString+STTwitter.m */ = {isa = PBXFileReference; fileEncoding = 4; lastKnownFileType = sourcecode.c.objc; path = "NSString+STTwitter.m"; sourceTree = "<group>"; };
		6AE4F3411901FB78000C074E /* STHTTPRequest+STTwitter.h */ = {isa = PBXFileReference; fileEncoding = 4; lastKnownFileType = sourcecode.c.h; path = "STHTTPRequest+STTwitter.h"; sourceTree = "<group>"; };
		6AE4F3421901FB78000C074E /* STHTTPRequest+STTwitter.m */ = {isa = PBXFileReference; fileEncoding = 4; lastKnownFileType = sourcecode.c.objc; path = "STHTTPRequest+STTwitter.m"; sourceTree = "<group>"; };
		6AE4F3431901FB78000C074E /* STTwitter.h */ = {isa = PBXFileReference; fileEncoding = 4; lastKnownFileType = sourcecode.c.h; path = STTwitter.h; sourceTree = "<group>"; };
		6AE4F3441901FB78000C074E /* STTwitterAPI.h */ = {isa = PBXFileReference; fileEncoding = 4; lastKnownFileType = sourcecode.c.h; path = STTwitterAPI.h; sourceTree = "<group>"; };
		6AE4F3451901FB78000C074E /* STTwitterAPI.m */ = {isa = PBXFileReference; fileEncoding = 4; lastKnownFileType = sourcecode.c.objc; path = STTwitterAPI.m; sourceTree = "<group>"; };
		6AE4F3461901FB78000C074E /* STTwitterAppOnly.h */ = {isa = PBXFileReference; fileEncoding = 4; lastKnownFileType = sourcecode.c.h; path = STTwitterAppOnly.h; sourceTree = "<group>"; };
		6AE4F3471901FB78000C074E /* STTwitterAppOnly.m */ = {isa = PBXFileReference; fileEncoding = 4; lastKnownFileType = sourcecode.c.objc; path = STTwitterAppOnly.m; sourceTree = "<group>"; };
		6AE4F3481901FB78000C074E /* STTwitterHTML.h */ = {isa = PBXFileReference; fileEncoding = 4; lastKnownFileType = sourcecode.c.h; path = STTwitterHTML.h; sourceTree = "<group>"; };
		6AE4F3491901FB78000C074E /* STTwitterHTML.m */ = {isa = PBXFileReference; fileEncoding = 4; lastKnownFileType = sourcecode.c.objc; path = STTwitterHTML.m; sourceTree = "<group>"; };
		6AE4F34A1901FB78000C074E /* STTwitterOAuth.h */ = {isa = PBXFileReference; fileEncoding = 4; lastKnownFileType = sourcecode.c.h; path = STTwitterOAuth.h; sourceTree = "<group>"; };
		6AE4F34B1901FB78000C074E /* STTwitterOAuth.m */ = {isa = PBXFileReference; fileEncoding = 4; lastKnownFileType = sourcecode.c.objc; path = STTwitterOAuth.m; sourceTree = "<group>"; };
		6AE4F34C1901FB78000C074E /* STTwitterOS.h */ = {isa = PBXFileReference; fileEncoding = 4; lastKnownFileType = sourcecode.c.h; path = STTwitterOS.h; sourceTree = "<group>"; };
		6AE4F34D1901FB78000C074E /* STTwitterOS.m */ = {isa = PBXFileReference; fileEncoding = 4; lastKnownFileType = sourcecode.c.objc; path = STTwitterOS.m; sourceTree = "<group>"; };
		6AE4F34E1901FB78000C074E /* STTwitterOSRequest.h */ = {isa = PBXFileReference; fileEncoding = 4; lastKnownFileType = sourcecode.c.h; path = STTwitterOSRequest.h; sourceTree = "<group>"; };
		6AE4F34F1901FB78000C074E /* STTwitterOSRequest.m */ = {isa = PBXFileReference; fileEncoding = 4; lastKnownFileType = sourcecode.c.objc; path = STTwitterOSRequest.m; sourceTree = "<group>"; };
		6AE4F3501901FB78000C074E /* STTwitterProtocol.h */ = {isa = PBXFileReference; fileEncoding = 4; lastKnownFileType = sourcecode.c.h; path = STTwitterProtocol.h; sourceTree = "<group>"; };
		6AE4F3521901FB78000C074E /* BAVPlistNode.h */ = {isa = PBXFileReference; fileEncoding = 4; lastKnownFileType = sourcecode.c.h; path = BAVPlistNode.h; sourceTree = "<group>"; };
		6AE4F3531901FB78000C074E /* BAVPlistNode.m */ = {isa = PBXFileReference; fileEncoding = 4; lastKnownFileType = sourcecode.c.objc; path = BAVPlistNode.m; sourceTree = "<group>"; };
		6AE4F3541901FB78000C074E /* JSONSyntaxHighlight.h */ = {isa = PBXFileReference; fileEncoding = 4; lastKnownFileType = sourcecode.c.h; path = JSONSyntaxHighlight.h; sourceTree = "<group>"; };
		6AE4F3551901FB78000C074E /* JSONSyntaxHighlight.m */ = {isa = PBXFileReference; fileEncoding = 4; lastKnownFileType = sourcecode.c.objc; path = JSONSyntaxHighlight.m; sourceTree = "<group>"; };
		6AE4F3561901FB78000C074E /* STHTTPRequest.h */ = {isa = PBXFileReference; fileEncoding = 4; lastKnownFileType = sourcecode.c.h; path = STHTTPRequest.h; sourceTree = "<group>"; };
		6AE4F3571901FB78000C074E /* STHTTPRequest.m */ = {isa = PBXFileReference; fileEncoding = 4; lastKnownFileType = sourcecode.c.objc; path = STHTTPRequest.m; sourceTree = "<group>"; };
		6AE4F3651901FBD5000C074E /* Accounts.framework */ = {isa = PBXFileReference; lastKnownFileType = wrapper.framework; name = Accounts.framework; path = System/Library/Frameworks/Accounts.framework; sourceTree = SDKROOT; };
		6AE4F3671901FBDD000C074E /* Twitter.framework */ = {isa = PBXFileReference; lastKnownFileType = wrapper.framework; name = Twitter.framework; path = System/Library/Frameworks/Twitter.framework; sourceTree = SDKROOT; };
		6AE4F3691901FBE4000C074E /* Social.framework */ = {isa = PBXFileReference; lastKnownFileType = wrapper.framework; name = Social.framework; path = System/Library/Frameworks/Social.framework; sourceTree = SDKROOT; };
		C3FBD51CBB0749BABF139DB6 /* libPods.a */ = {isa = PBXFileReference; explicitFileType = archive.ar; includeInIndex = 0; path = libPods.a; sourceTree = BUILT_PRODUCTS_DIR; };
/* End PBXFileReference section */

/* Begin PBXFrameworksBuildPhase section */
		6A81228518F0A13D00D4EA81 /* Frameworks */ = {
			isa = PBXFrameworksBuildPhase;
			buildActionMask = 2147483647;
			files = (
				6A9797E51913C03C00BB4B8F /* FacebookSDK.framework in Frameworks */,
				6A9797E119133E7A00BB4B8F /* QuartzCore.framework in Frameworks */,
				6A9797E019133C5E00BB4B8F /* SystemConfiguration.framework in Frameworks */,
				6A9797DC19133C4E00BB4B8F /* Security.framework in Frameworks */,
				6A9797DA19133C1B00BB4B8F /* MobileCoreServices.framework in Frameworks */,
				6A9797D619133C0300BB4B8F /* CoreLocation.framework in Frameworks */,
				6A9797D419133BF800BB4B8F /* CFNetwork.framework in Frameworks */,
				6A9797D219133BDD00BB4B8F /* AudioToolbox.framework in Frameworks */,
				6AE4F36A1901FBE4000C074E /* Social.framework in Frameworks */,
				6AE4F3681901FBDD000C074E /* Twitter.framework in Frameworks */,
				6AE4F3661901FBD5000C074E /* Accounts.framework in Frameworks */,
				6A81228E18F0A13E00D4EA81 /* CoreGraphics.framework in Frameworks */,
				6A81229018F0A13E00D4EA81 /* UIKit.framework in Frameworks */,
				6A81228C18F0A13E00D4EA81 /* Foundation.framework in Frameworks */,
				6A9797D019133BA400BB4B8F /* Parse.framework in Frameworks */,
				6A9797D819133C1100BB4B8F /* libz.dylib in Frameworks */,
				D2C25C8DC4DE4F7FA0D5F01A /* libPods.a in Frameworks */,
			);
			runOnlyForDeploymentPostprocessing = 0;
		};
		6A8122A918F0A13E00D4EA81 /* Frameworks */ = {
			isa = PBXFrameworksBuildPhase;
			buildActionMask = 2147483647;
			files = (
				6A8122AE18F0A13E00D4EA81 /* XCTest.framework in Frameworks */,
				6A8122B018F0A13E00D4EA81 /* UIKit.framework in Frameworks */,
				6A8122AF18F0A13E00D4EA81 /* Foundation.framework in Frameworks */,
			);
			runOnlyForDeploymentPostprocessing = 0;
		};
/* End PBXFrameworksBuildPhase section */

/* Begin PBXGroup section */
		6A5729AE190745CE00398C71 /* App Icon [Squared] */ = {
			isa = PBXGroup;
			children = (
				6A5729AF190745CE00398C71 /* AppIcon29x29.png */,
				6A5729B0190745CE00398C71 /* AppIcon29x29@2x.png */,
				6A5729B1190745CE00398C71 /* AppIcon40x40.png */,
				6A5729B2190745CE00398C71 /* AppIcon40x40@2x.png */,
				6A5729B3190745CE00398C71 /* AppIcon50x50.png */,
				6A5729B4190745CE00398C71 /* AppIcon50x50@2x.png */,
				6A5729B5190745CE00398C71 /* AppIcon57x57.png */,
				6A5729B6190745CE00398C71 /* AppIcon57x57@2x.png */,
				6A5729B7190745CE00398C71 /* AppIcon60x60.png */,
				6A5729B8190745CE00398C71 /* AppIcon60x60@2x.png */,
				6A5729B9190745CE00398C71 /* AppIcon72x72.png */,
				6A5729BA190745CE00398C71 /* AppIcon72x72@2x.png */,
				6A5729BB190745CE00398C71 /* AppIcon76x76.png */,
				6A5729BC190745CE00398C71 /* AppIcon76x76@2x.png */,
				6A5729BD190745CE00398C71 /* iTunesArtwork.png */,
				6A5729BE190745CE00398C71 /* iTunesArtwork@2x.png */,
			);
			path = "App Icon [Squared]";
			sourceTree = "<group>";
		};
		6A81227F18F0A13D00D4EA81 = {
			isa = PBXGroup;
			children = (
				6A81229118F0A13E00D4EA81 /* iSRB */,
				6A8122B318F0A13E00D4EA81 /* iSRBTests */,
				6A81228A18F0A13D00D4EA81 /* Frameworks */,
				6A81228918F0A13D00D4EA81 /* Products */,
				5DCC582734724F1C9656C7A0 /* Pods.xcconfig */,
			);
			sourceTree = "<group>";
		};
		6A81228918F0A13D00D4EA81 /* Products */ = {
			isa = PBXGroup;
			children = (
				6A81228818F0A13D00D4EA81 /* iSRB.app */,
				6A8122AC18F0A13E00D4EA81 /* iSRBTests.xctest */,
			);
			name = Products;
			sourceTree = "<group>";
		};
		6A81228A18F0A13D00D4EA81 /* Frameworks */ = {
			isa = PBXGroup;
			children = (
				6A9797E41913C03C00BB4B8F /* FacebookSDK.framework */,
				6A9797DF19133C5E00BB4B8F /* SystemConfiguration.framework */,
				6A9797DB19133C4E00BB4B8F /* Security.framework */,
				6A9797D919133C1B00BB4B8F /* MobileCoreServices.framework */,
				6A9797D719133C1100BB4B8F /* libz.dylib */,
				6A9797D519133C0300BB4B8F /* CoreLocation.framework */,
				6A9797D319133BF800BB4B8F /* CFNetwork.framework */,
				6A9797D119133BDD00BB4B8F /* AudioToolbox.framework */,
				6A9797CF19133BA400BB4B8F /* Parse.framework */,
				6AE4F3691901FBE4000C074E /* Social.framework */,
				6AE4F3671901FBDD000C074E /* Twitter.framework */,
				6AE4F3651901FBD5000C074E /* Accounts.framework */,
				6AD301B318FB435200B2C89D /* QuartzCore.framework */,
				6A81228B18F0A13D00D4EA81 /* Foundation.framework */,
				6A81228D18F0A13E00D4EA81 /* CoreGraphics.framework */,
				6A81228F18F0A13E00D4EA81 /* UIKit.framework */,
				6A8122AD18F0A13E00D4EA81 /* XCTest.framework */,
				C3FBD51CBB0749BABF139DB6 /* libPods.a */,
			);
			name = Frameworks;
			sourceTree = "<group>";
		};
		6A81229118F0A13E00D4EA81 /* iSRB */ = {
			isa = PBXGroup;
			children = (
				6A81229A18F0A13E00D4EA81 /* SRBAppDelegate.h */,
				6A81229B18F0A13E00D4EA81 /* SRBAppDelegate.m */,
				6A81229D18F0A13E00D4EA81 /* Main.storyboard */,
				6A5729D119074E8400398C71 /* iPhone4Storyboard.storyboard */,
				6A8122A018F0A13E00D4EA81 /* SRBFirstViewController.h */,
				6A8122A118F0A13E00D4EA81 /* SRBFirstViewController.m */,
				6A8122A318F0A13E00D4EA81 /* SRBSecondViewController.h */,
				6A8122A418F0A13E00D4EA81 /* SRBSecondViewController.m */,
				6A8122F418F9E36200D4EA81 /* SRBThirdViewController.h */,
				6A8122F518F9E36200D4EA81 /* SRBThirdViewController.m */,
				6A9797B61911A6E100BB4B8F /* SRBInfoViewController.h */,
				6A9797B71911A6E100BB4B8F /* SRBInfoViewController.m */,
				6A9797B91911B53400BB4B8F /* PushNoAnimTrans.h */,
				6A9797BA1911B53400BB4B8F /* PushNoAnimTrans.m */,
				6A9797BC1911EE8D00BB4B8F /* PushAnimTrans.h */,
				6A9797BD1911EE8D00BB4B8F /* PushAnimTrans.m */,
				6A8122A618F0A13E00D4EA81 /* Images.xcassets */,
				6A81229218F0A13E00D4EA81 /* Supporting Files */,
			);
			path = iSRB;
			sourceTree = "<group>";
		};
		6A81229218F0A13E00D4EA81 /* Supporting Files */ = {
			isa = PBXGroup;
			children = (
				6A9797CD191327E500BB4B8F /* StudResc.png */,
				6A9797C71913179800BB4B8F /* Important.png */,
				6A9797C31913040C00BB4B8F /* App Info.png */,
				6A5729AE190745CE00398C71 /* App Icon [Squared] */,
				6A57299C1907445200398C71 /* img_1.png */,
				6A57299D1907445200398C71 /* img_2.png */,
				6A57299E1907445200398C71 /* img_3@2x.png */,
				6A57299F1907445200398C71 /* img_4@2x.png */,
				6A5729A01907445200398C71 /* img_5@2x.png */,
				6A5729A21907445200398C71 /* img_6@2x.png */,
				6A5729A31907445200398C71 /* img_7@2x.png */,
				6A5729A41907445200398C71 /* img_8@2x.png */,
				6A8122C318F0A35100D4EA81 /* iPhone(3.5 inch).png */,
				6A8122C418F0A35100D4EA81 /* iPhone(4 inch).png */,
				6A81229318F0A13E00D4EA81 /* iSRB-Info.plist */,
				6A81229418F0A13E00D4EA81 /* InfoPlist.strings */,
				6A81229718F0A13E00D4EA81 /* main.m */,
				6A81229918F0A13E00D4EA81 /* iSRB-Prefix.pch */,
				6A8122E818F894E300D4EA81 /* 53-house.png */,
				6A8122E918F894E300D4EA81 /* 63-runner.png */,
				6A8122EA18F894E300D4EA81 /* 124-bullhorn.png */,
				6A8122EE18F8961500D4EA81 /* Logo-NoBackground.png */,
				6A8122F018F8A50800D4EA81 /* image.png */,
				6AE4F33A1901FB78000C074E /* STTwitter */,
			);
			name = "Supporting Files";
			sourceTree = "<group>";
		};
		6A8122B318F0A13E00D4EA81 /* iSRBTests */ = {
			isa = PBXGroup;
			children = (
				6A8122B918F0A13E00D4EA81 /* iSRBTests.m */,
				6A8122B418F0A13E00D4EA81 /* Supporting Files */,
			);
			path = iSRBTests;
			sourceTree = "<group>";
		};
		6A8122B418F0A13E00D4EA81 /* Supporting Files */ = {
			isa = PBXGroup;
			children = (
				6A8122B518F0A13E00D4EA81 /* iSRBTests-Info.plist */,
				6A8122B618F0A13E00D4EA81 /* InfoPlist.strings */,
			);
			name = "Supporting Files";
			sourceTree = "<group>";
		};
		6AE4F33A1901FB78000C074E /* STTwitter */ = {
			isa = PBXGroup;
			children = (
				6AE4F33B1901FB78000C074E /* NSDateFormatter+STTwitter.h */,
				6AE4F33C1901FB78000C074E /* NSDateFormatter+STTwitter.m */,
				6AE4F33D1901FB78000C074E /* NSError+STTwitter.h */,
				6AE4F33E1901FB78000C074E /* NSError+STTwitter.m */,
				6AE4F33F1901FB78000C074E /* NSString+STTwitter.h */,
				6AE4F3401901FB78000C074E /* NSString+STTwitter.m */,
				6AE4F3411901FB78000C074E /* STHTTPRequest+STTwitter.h */,
				6AE4F3421901FB78000C074E /* STHTTPRequest+STTwitter.m */,
				6AE4F3431901FB78000C074E /* STTwitter.h */,
				6AE4F3441901FB78000C074E /* STTwitterAPI.h */,
				6AE4F3451901FB78000C074E /* STTwitterAPI.m */,
				6AE4F3461901FB78000C074E /* STTwitterAppOnly.h */,
				6AE4F3471901FB78000C074E /* STTwitterAppOnly.m */,
				6AE4F3481901FB78000C074E /* STTwitterHTML.h */,
				6AE4F3491901FB78000C074E /* STTwitterHTML.m */,
				6AE4F34A1901FB78000C074E /* STTwitterOAuth.h */,
				6AE4F34B1901FB78000C074E /* STTwitterOAuth.m */,
				6AE4F34C1901FB78000C074E /* STTwitterOS.h */,
				6AE4F34D1901FB78000C074E /* STTwitterOS.m */,
				6AE4F34E1901FB78000C074E /* STTwitterOSRequest.h */,
				6AE4F34F1901FB78000C074E /* STTwitterOSRequest.m */,
				6AE4F3501901FB78000C074E /* STTwitterProtocol.h */,
				6AE4F3511901FB78000C074E /* Vendor */,
			);
			name = STTwitter;
			path = ../STTwitter;
			sourceTree = "<group>";
		};
		6AE4F3511901FB78000C074E /* Vendor */ = {
			isa = PBXGroup;
			children = (
				6AE4F3521901FB78000C074E /* BAVPlistNode.h */,
				6AE4F3531901FB78000C074E /* BAVPlistNode.m */,
				6AE4F3541901FB78000C074E /* JSONSyntaxHighlight.h */,
				6AE4F3551901FB78000C074E /* JSONSyntaxHighlight.m */,
				6AE4F3561901FB78000C074E /* STHTTPRequest.h */,
				6AE4F3571901FB78000C074E /* STHTTPRequest.m */,
			);
			path = Vendor;
			sourceTree = "<group>";
		};
/* End PBXGroup section */

/* Begin PBXNativeTarget section */
		6A81228718F0A13D00D4EA81 /* iSRB */ = {
			isa = PBXNativeTarget;
			buildConfigurationList = 6A8122BD18F0A13E00D4EA81 /* Build configuration list for PBXNativeTarget "iSRB" */;
			buildPhases = (
				C2C12920AA4941748024C04B /* Check Pods Manifest.lock */,
				6A81228418F0A13D00D4EA81 /* Sources */,
				6A81228518F0A13D00D4EA81 /* Frameworks */,
				6A81228618F0A13D00D4EA81 /* Resources */,
				69C7F6ADCB374B9392964217 /* Copy Pods Resources */,
			);
			buildRules = (
			);
			dependencies = (
			);
			name = iSRB;
			productName = iSRB;
			productReference = 6A81228818F0A13D00D4EA81 /* iSRB.app */;
			productType = "com.apple.product-type.application";
		};
		6A8122AB18F0A13E00D4EA81 /* iSRBTests */ = {
			isa = PBXNativeTarget;
			buildConfigurationList = 6A8122C018F0A13E00D4EA81 /* Build configuration list for PBXNativeTarget "iSRBTests" */;
			buildPhases = (
				6A8122A818F0A13E00D4EA81 /* Sources */,
				6A8122A918F0A13E00D4EA81 /* Frameworks */,
				6A8122AA18F0A13E00D4EA81 /* Resources */,
			);
			buildRules = (
			);
			dependencies = (
				6A8122B218F0A13E00D4EA81 /* PBXTargetDependency */,
			);
			name = iSRBTests;
			productName = iSRBTests;
			productReference = 6A8122AC18F0A13E00D4EA81 /* iSRBTests.xctest */;
			productType = "com.apple.product-type.bundle.unit-test";
		};
/* End PBXNativeTarget section */

/* Begin PBXProject section */
		6A81228018F0A13D00D4EA81 /* Project object */ = {
			isa = PBXProject;
			attributes = {
				CLASSPREFIX = SRB;
				LastUpgradeCheck = 0510;
				ORGANIZATIONNAME = SarrApps;
				TargetAttributes = {
					6A81228718F0A13D00D4EA81 = {
						DevelopmentTeam = 3HZSCR5QB4;
						SystemCapabilities = {
							com.apple.InAppPurchase = {
								enabled = 0;
							};
						};
					};
					6A8122AB18F0A13E00D4EA81 = {
						TestTargetID = 6A81228718F0A13D00D4EA81;
					};
				};
			};
			buildConfigurationList = 6A81228318F0A13D00D4EA81 /* Build configuration list for PBXProject "iSRB" */;
			compatibilityVersion = "Xcode 3.2";
			developmentRegion = English;
			hasScannedForEncodings = 0;
			knownRegions = (
				en,
				Base,
			);
			mainGroup = 6A81227F18F0A13D00D4EA81;
			productRefGroup = 6A81228918F0A13D00D4EA81 /* Products */;
			projectDirPath = "";
			projectRoot = "";
			targets = (
				6A81228718F0A13D00D4EA81 /* iSRB */,
				6A8122AB18F0A13E00D4EA81 /* iSRBTests */,
			);
		};
/* End PBXProject section */

/* Begin PBXResourcesBuildPhase section */
		6A81228618F0A13D00D4EA81 /* Resources */ = {
			isa = PBXResourcesBuildPhase;
			buildActionMask = 2147483647;
			files = (
				6A9797CE191327E500BB4B8F /* StudResc.png in Resources */,
				6A8122EC18F894E300D4EA81 /* 63-runner.png in Resources */,
				6A5729CD190745CE00398C71 /* iTunesArtwork.png in Resources */,
				6A8122EF18F8961500D4EA81 /* Logo-NoBackground.png in Resources */,
				6A5729C0190745CE00398C71 /* AppIcon29x29@2x.png in Resources */,
				6A5729C7190745CE00398C71 /* AppIcon60x60.png in Resources */,
				6A8122F118F8A50800D4EA81 /* image.png in Resources */,
				6A8122C618F0A35100D4EA81 /* iPhone(4 inch).png in Resources */,
				6A5729AC1907445200398C71 /* img_7@2x.png in Resources */,
				6A5729CE190745CE00398C71 /* iTunesArtwork@2x.png in Resources */,
				6A8122A718F0A13E00D4EA81 /* Images.xcassets in Resources */,
				6A5729A91907445200398C71 /* img_5@2x.png in Resources */,
				6A81229618F0A13E00D4EA81 /* InfoPlist.strings in Resources */,
				6A5729A71907445200398C71 /* img_3@2x.png in Resources */,
				6A81229F18F0A13E00D4EA81 /* Main.storyboard in Resources */,
				6A9797C81913179800BB4B8F /* Important.png in Resources */,
				6A5729AB1907445200398C71 /* img_6@2x.png in Resources */,
				6A8122ED18F894E300D4EA81 /* 124-bullhorn.png in Resources */,
				6A5729A81907445200398C71 /* img_4@2x.png in Resources */,
				6A5729A51907445200398C71 /* img_1.png in Resources */,
				6A5729C9190745CE00398C71 /* AppIcon72x72.png in Resources */,
				6A5729C6190745CE00398C71 /* AppIcon57x57@2x.png in Resources */,
				6A9797C41913040C00BB4B8F /* App Info.png in Resources */,
				6A5729D219074E8400398C71 /* iPhone4Storyboard.storyboard in Resources */,
				6A5729C8190745CE00398C71 /* AppIcon60x60@2x.png in Resources */,
				6A5729A61907445200398C71 /* img_2.png in Resources */,
				6A5729C5190745CE00398C71 /* AppIcon57x57.png in Resources */,
				6A5729C1190745CE00398C71 /* AppIcon40x40.png in Resources */,
				6A5729C4190745CE00398C71 /* AppIcon50x50@2x.png in Resources */,
				6A5729AD1907445200398C71 /* img_8@2x.png in Resources */,
				6A5729CB190745CE00398C71 /* AppIcon76x76.png in Resources */,
				6A8122EB18F894E300D4EA81 /* 53-house.png in Resources */,
				6A8122C518F0A35100D4EA81 /* iPhone(3.5 inch).png in Resources */,
				6A5729C2190745CE00398C71 /* AppIcon40x40@2x.png in Resources */,
				6A5729BF190745CE00398C71 /* AppIcon29x29.png in Resources */,
				6A5729CC190745CE00398C71 /* AppIcon76x76@2x.png in Resources */,
				6A5729CA190745CE00398C71 /* AppIcon72x72@2x.png in Resources */,
				6A5729C3190745CE00398C71 /* AppIcon50x50.png in Resources */,
			);
			runOnlyForDeploymentPostprocessing = 0;
		};
		6A8122AA18F0A13E00D4EA81 /* Resources */ = {
			isa = PBXResourcesBuildPhase;
			buildActionMask = 2147483647;
			files = (
				6A8122B818F0A13E00D4EA81 /* InfoPlist.strings in Resources */,
			);
			runOnlyForDeploymentPostprocessing = 0;
		};
/* End PBXResourcesBuildPhase section */

/* Begin PBXShellScriptBuildPhase section */
		69C7F6ADCB374B9392964217 /* Copy Pods Resources */ = {
			isa = PBXShellScriptBuildPhase;
			buildActionMask = 2147483647;
			files = (
			);
			inputPaths = (
			);
			name = "Copy Pods Resources";
			outputPaths = (
			);
			runOnlyForDeploymentPostprocessing = 0;
			shellPath = /bin/sh;
			shellScript = "\"${SRCROOT}/Pods/Pods-resources.sh\"\n";
			showEnvVarsInLog = 0;
		};
		C2C12920AA4941748024C04B /* Check Pods Manifest.lock */ = {
			isa = PBXShellScriptBuildPhase;
			buildActionMask = 2147483647;
			files = (
			);
			inputPaths = (
			);
			name = "Check Pods Manifest.lock";
			outputPaths = (
			);
			runOnlyForDeploymentPostprocessing = 0;
			shellPath = /bin/sh;
			shellScript = "diff \"${PODS_ROOT}/../Podfile.lock\" \"${PODS_ROOT}/Manifest.lock\" > /dev/null\nif [[ $? != 0 ]] ; then\n    cat << EOM\nerror: The sandbox is not in sync with the Podfile.lock. Run 'pod install' or update your CocoaPods installation.\nEOM\n    exit 1\nfi\n";
			showEnvVarsInLog = 0;
		};
/* End PBXShellScriptBuildPhase section */

/* Begin PBXSourcesBuildPhase section */
		6A81228418F0A13D00D4EA81 /* Sources */ = {
			isa = PBXSourcesBuildPhase;
			buildActionMask = 2147483647;
			files = (
				6A8122A218F0A13E00D4EA81 /* SRBFirstViewController.m in Sources */,
				6A81229C18F0A13E00D4EA81 /* SRBAppDelegate.m in Sources */,
				6A9797BE1911EE8D00BB4B8F /* PushAnimTrans.m in Sources */,
				6AE4F3581901FB78000C074E /* NSDateFormatter+STTwitter.m in Sources */,
				6AE4F35C1901FB78000C074E /* STTwitterAPI.m in Sources */,
				6AE4F3621901FB78000C074E /* BAVPlistNode.m in Sources */,
				6AE4F3591901FB78000C074E /* NSError+STTwitter.m in Sources */,
				6A9797BB1911B53400BB4B8F /* PushNoAnimTrans.m in Sources */,
				6AE4F35D1901FB78000C074E /* STTwitterAppOnly.m in Sources */,
				6AE4F3601901FB78000C074E /* STTwitterOS.m in Sources */,
				6AE4F3611901FB78000C074E /* STTwitterOSRequest.m in Sources */,
				6AE4F35A1901FB78000C074E /* NSString+STTwitter.m in Sources */,
				6AE4F35B1901FB78000C074E /* STHTTPRequest+STTwitter.m in Sources */,
				6A8122F618F9E36200D4EA81 /* SRBThirdViewController.m in Sources */,
				6AE4F3641901FB78000C074E /* STHTTPRequest.m in Sources */,
				6A9797B81911A6E100BB4B8F /* SRBInfoViewController.m in Sources */,
				6AE4F35E1901FB78000C074E /* STTwitterHTML.m in Sources */,
				6AE4F35F1901FB78000C074E /* STTwitterOAuth.m in Sources */,
				6AE4F3631901FB78000C074E /* JSONSyntaxHighlight.m in Sources */,
				6A8122A518F0A13E00D4EA81 /* SRBSecondViewController.m in Sources */,
				6A81229818F0A13E00D4EA81 /* main.m in Sources */,
			);
			runOnlyForDeploymentPostprocessing = 0;
		};
		6A8122A818F0A13E00D4EA81 /* Sources */ = {
			isa = PBXSourcesBuildPhase;
			buildActionMask = 2147483647;
			files = (
				6A8122BA18F0A13E00D4EA81 /* iSRBTests.m in Sources */,
			);
			runOnlyForDeploymentPostprocessing = 0;
		};
/* End PBXSourcesBuildPhase section */

/* Begin PBXTargetDependency section */
		6A8122B218F0A13E00D4EA81 /* PBXTargetDependency */ = {
			isa = PBXTargetDependency;
			target = 6A81228718F0A13D00D4EA81 /* iSRB */;
			targetProxy = 6A8122B118F0A13E00D4EA81 /* PBXContainerItemProxy */;
		};
/* End PBXTargetDependency section */

/* Begin PBXVariantGroup section */
		6A81229418F0A13E00D4EA81 /* InfoPlist.strings */ = {
			isa = PBXVariantGroup;
			children = (
				6A81229518F0A13E00D4EA81 /* en */,
			);
			name = InfoPlist.strings;
			sourceTree = "<group>";
		};
		6A81229D18F0A13E00D4EA81 /* Main.storyboard */ = {
			isa = PBXVariantGroup;
			children = (
				6A81229E18F0A13E00D4EA81 /* Base */,
			);
			name = Main.storyboard;
			sourceTree = "<group>";
		};
		6A8122B618F0A13E00D4EA81 /* InfoPlist.strings */ = {
			isa = PBXVariantGroup;
			children = (
				6A8122B718F0A13E00D4EA81 /* en */,
			);
			name = InfoPlist.strings;
			sourceTree = "<group>";
		};
/* End PBXVariantGroup section */

/* Begin XCBuildConfiguration section */
		6A8122BB18F0A13E00D4EA81 /* Debug */ = {
			isa = XCBuildConfiguration;
			buildSettings = {
				ALWAYS_SEARCH_USER_PATHS = NO;
				CLANG_CXX_LANGUAGE_STANDARD = "gnu++0x";
				CLANG_CXX_LIBRARY = "libc++";
				CLANG_ENABLE_MODULES = YES;
				CLANG_ENABLE_OBJC_ARC = YES;
				CLANG_WARN_BOOL_CONVERSION = YES;
				CLANG_WARN_CONSTANT_CONVERSION = YES;
				CLANG_WARN_DIRECT_OBJC_ISA_USAGE = YES_ERROR;
				CLANG_WARN_EMPTY_BODY = YES;
				CLANG_WARN_ENUM_CONVERSION = YES;
				CLANG_WARN_INT_CONVERSION = YES;
				CLANG_WARN_OBJC_ROOT_CLASS = YES_ERROR;
				CLANG_WARN__DUPLICATE_METHOD_MATCH = YES;
				CODE_SIGN_IDENTITY = "iPhone Distribution: Bachir Sarr (3HZSCR5QB4)";
				"CODE_SIGN_IDENTITY[sdk=iphoneos*]" = "iPhone Distribution: Bachir Sarr (3HZSCR5QB4)";
				COPY_PHASE_STRIP = NO;
				GCC_C_LANGUAGE_STANDARD = gnu99;
				GCC_DYNAMIC_NO_PIC = NO;
				GCC_OPTIMIZATION_LEVEL = 0;
				GCC_PREPROCESSOR_DEFINITIONS = (
					"DEBUG=1",
					"$(inherited)",
				);
				GCC_SYMBOLS_PRIVATE_EXTERN = NO;
				GCC_WARN_64_TO_32_BIT_CONVERSION = YES;
				GCC_WARN_ABOUT_RETURN_TYPE = YES_ERROR;
				GCC_WARN_UNDECLARED_SELECTOR = YES;
				GCC_WARN_UNINITIALIZED_AUTOS = YES_AGGRESSIVE;
				GCC_WARN_UNUSED_FUNCTION = YES;
				GCC_WARN_UNUSED_VARIABLE = YES;
				IPHONEOS_DEPLOYMENT_TARGET = 7.1;
				ONLY_ACTIVE_ARCH = YES;
				SDKROOT = iphoneos;
			};
			name = Debug;
		};
		6A8122BC18F0A13E00D4EA81 /* Release */ = {
			isa = XCBuildConfiguration;
			buildSettings = {
				ALWAYS_SEARCH_USER_PATHS = NO;
				CLANG_CXX_LANGUAGE_STANDARD = "gnu++0x";
				CLANG_CXX_LIBRARY = "libc++";
				CLANG_ENABLE_MODULES = YES;
				CLANG_ENABLE_OBJC_ARC = YES;
				CLANG_WARN_BOOL_CONVERSION = YES;
				CLANG_WARN_CONSTANT_CONVERSION = YES;
				CLANG_WARN_DIRECT_OBJC_ISA_USAGE = YES_ERROR;
				CLANG_WARN_EMPTY_BODY = YES;
				CLANG_WARN_ENUM_CONVERSION = YES;
				CLANG_WARN_INT_CONVERSION = YES;
				CLANG_WARN_OBJC_ROOT_CLASS = YES_ERROR;
				CLANG_WARN__DUPLICATE_METHOD_MATCH = YES;
				CODE_SIGN_IDENTITY = "iPhone Distribution: Bachir Sarr (3HZSCR5QB4)";
				"CODE_SIGN_IDENTITY[sdk=iphoneos*]" = "iPhone Distribution: Bachir Sarr (3HZSCR5QB4)";
				COPY_PHASE_STRIP = YES;
				ENABLE_NS_ASSERTIONS = NO;
				GCC_C_LANGUAGE_STANDARD = gnu99;
				GCC_WARN_64_TO_32_BIT_CONVERSION = YES;
				GCC_WARN_ABOUT_RETURN_TYPE = YES_ERROR;
				GCC_WARN_UNDECLARED_SELECTOR = YES;
				GCC_WARN_UNINITIALIZED_AUTOS = YES_AGGRESSIVE;
				GCC_WARN_UNUSED_FUNCTION = YES;
				GCC_WARN_UNUSED_VARIABLE = YES;
				IPHONEOS_DEPLOYMENT_TARGET = 7.1;
				SDKROOT = iphoneos;
				VALIDATE_PRODUCT = YES;
			};
			name = Release;
		};
		6A8122BE18F0A13E00D4EA81 /* Debug */ = {
			isa = XCBuildConfiguration;
			baseConfigurationReference = 5DCC582734724F1C9656C7A0 /* Pods.xcconfig */;
			buildSettings = {
				ASSETCATALOG_COMPILER_APPICON_NAME = AppIcon;
				ASSETCATALOG_COMPILER_LAUNCHIMAGE_NAME = LaunchImage;
				CODE_SIGN_IDENTITY = "iPhone Developer";
				"CODE_SIGN_IDENTITY[sdk=iphoneos*]" = "iPhone Developer";
				FRAMEWORK_SEARCH_PATHS = (
					"$(inherited)",
					"$(PROJECT_DIR)",
				);
				GCC_PRECOMPILE_PREFIX_HEADER = YES;
				GCC_PREFIX_HEADER = "iSRB/iSRB-Prefix.pch";
				INFOPLIST_FILE = "iSRB/iSRB-Info.plist";
				PRODUCT_NAME = "$(TARGET_NAME)";
				PROVISIONING_PROFILE = "";
				WRAPPER_EXTENSION = app;
			};
			name = Debug;
		};
		6A8122BF18F0A13E00D4EA81 /* Release */ = {
			isa = XCBuildConfiguration;
			baseConfigurationReference = 5DCC582734724F1C9656C7A0 /* Pods.xcconfig */;
			buildSettings = {
				ASSETCATALOG_COMPILER_APPICON_NAME = AppIcon;
				ASSETCATALOG_COMPILER_LAUNCHIMAGE_NAME = LaunchImage;
				CODE_SIGN_IDENTITY = "iPhone Developer";
				"CODE_SIGN_IDENTITY[sdk=iphoneos*]" = "iPhone Developer";
				FRAMEWORK_SEARCH_PATHS = (
					"$(inherited)",
					"$(PROJECT_DIR)",
				);
				GCC_PRECOMPILE_PREFIX_HEADER = YES;
				GCC_PREFIX_HEADER = "iSRB/iSRB-Prefix.pch";
				INFOPLIST_FILE = "iSRB/iSRB-Info.plist";
				PRODUCT_NAME = "$(TARGET_NAME)";
				PROVISIONING_PROFILE = "";
				WRAPPER_EXTENSION = app;
			};
			name = Release;
		};
		6A8122C118F0A13E00D4EA81 /* Debug */ = {
			isa = XCBuildConfiguration;
			buildSettings = {
				BUNDLE_LOADER = "$(BUILT_PRODUCTS_DIR)/iSRB.app/iSRB";
				FRAMEWORK_SEARCH_PATHS = (
					"$(SDKROOT)/Developer/Library/Frameworks",
					"$(inherited)",
					"$(DEVELOPER_FRAMEWORKS_DIR)",
				);
				GCC_PRECOMPILE_PREFIX_HEADER = YES;
				GCC_PREFIX_HEADER = "iSRB/iSRB-Prefix.pch";
				GCC_PREPROCESSOR_DEFINITIONS = (
					"DEBUG=1",
					"$(inherited)",
				);
				INFOPLIST_FILE = "iSRBTests/iSRBTests-Info.plist";
				PRODUCT_NAME = "$(TARGET_NAME)";
				TEST_HOST = "$(BUNDLE_LOADER)";
				WRAPPER_EXTENSION = xctest;
			};
			name = Debug;
		};
		6A8122C218F0A13E00D4EA81 /* Release */ = {
			isa = XCBuildConfiguration;
			buildSettings = {
				BUNDLE_LOADER = "$(BUILT_PRODUCTS_DIR)/iSRB.app/iSRB";
				FRAMEWORK_SEARCH_PATHS = (
					"$(SDKROOT)/Developer/Library/Frameworks",
					"$(inherited)",
					"$(DEVELOPER_FRAMEWORKS_DIR)",
				);
				GCC_PRECOMPILE_PREFIX_HEADER = YES;
				GCC_PREFIX_HEADER = "iSRB/iSRB-Prefix.pch";
				INFOPLIST_FILE = "iSRBTests/iSRBTests-Info.plist";
				PRODUCT_NAME = "$(TARGET_NAME)";
				TEST_HOST = "$(BUNDLE_LOADER)";
				WRAPPER_EXTENSION = xctest;
			};
			name = Release;
		};
		6A9797B319098D6C00BB4B8F /* Distribution */ = {
			isa = XCBuildConfiguration;
			buildSettings = {
				ALWAYS_SEARCH_USER_PATHS = NO;
				CLANG_CXX_LANGUAGE_STANDARD = "gnu++0x";
				CLANG_CXX_LIBRARY = "libc++";
				CLANG_ENABLE_MODULES = YES;
				CLANG_ENABLE_OBJC_ARC = YES;
				CLANG_WARN_BOOL_CONVERSION = YES;
				CLANG_WARN_CONSTANT_CONVERSION = YES;
				CLANG_WARN_DIRECT_OBJC_ISA_USAGE = YES_ERROR;
				CLANG_WARN_EMPTY_BODY = YES;
				CLANG_WARN_ENUM_CONVERSION = YES;
				CLANG_WARN_INT_CONVERSION = YES;
				CLANG_WARN_OBJC_ROOT_CLASS = YES_ERROR;
				CLANG_WARN__DUPLICATE_METHOD_MATCH = YES;
				CODE_SIGN_IDENTITY = "iPhone Distribution: Bachir Sarr (3HZSCR5QB4)";
				"CODE_SIGN_IDENTITY[sdk=iphoneos*]" = "iPhone Distribution: Bachir Sarr (3HZSCR5QB4)";
				COPY_PHASE_STRIP = YES;
				ENABLE_NS_ASSERTIONS = NO;
				GCC_C_LANGUAGE_STANDARD = gnu99;
				GCC_WARN_64_TO_32_BIT_CONVERSION = YES;
				GCC_WARN_ABOUT_RETURN_TYPE = YES_ERROR;
				GCC_WARN_UNDECLARED_SELECTOR = YES;
				GCC_WARN_UNINITIALIZED_AUTOS = YES_AGGRESSIVE;
				GCC_WARN_UNUSED_FUNCTION = YES;
				GCC_WARN_UNUSED_VARIABLE = YES;
				IPHONEOS_DEPLOYMENT_TARGET = 7.1;
				SDKROOT = iphoneos;
				VALIDATE_PRODUCT = YES;
			};
			name = Distribution;
		};
		6A9797B419098D6C00BB4B8F /* Distribution */ = {
			isa = XCBuildConfiguration;
			baseConfigurationReference = 5DCC582734724F1C9656C7A0 /* Pods.xcconfig */;
			buildSettings = {
				ASSETCATALOG_COMPILER_APPICON_NAME = AppIcon;
				ASSETCATALOG_COMPILER_LAUNCHIMAGE_NAME = LaunchImage;
				CODE_SIGN_IDENTITY = "iPhone Developer";
				"CODE_SIGN_IDENTITY[sdk=iphoneos*]" = "iPhone Developer";
				FRAMEWORK_SEARCH_PATHS = (
					"$(inherited)",
					"$(PROJECT_DIR)",
				);
				GCC_PRECOMPILE_PREFIX_HEADER = YES;
				GCC_PREFIX_HEADER = "iSRB/iSRB-Prefix.pch";
				INFOPLIST_FILE = "iSRB/iSRB-Info.plist";
				PRODUCT_NAME = "$(TARGET_NAME)";
				PROVISIONING_PROFILE = "";
				WRAPPER_EXTENSION = app;
			};
			name = Distribution;
		};
		6A9797B519098D6C00BB4B8F /* Distribution */ = {
			isa = XCBuildConfiguration;
			buildSettings = {
				BUNDLE_LOADER = "$(BUILT_PRODUCTS_DIR)/iSRB.app/iSRB";
				FRAMEWORK_SEARCH_PATHS = (
					"$(SDKROOT)/Developer/Library/Frameworks",
					"$(inherited)",
					"$(DEVELOPER_FRAMEWORKS_DIR)",
				);
				GCC_PRECOMPILE_PREFIX_HEADER = YES;
				GCC_PREFIX_HEADER = "iSRB/iSRB-Prefix.pch";
				INFOPLIST_FILE = "iSRBTests/iSRBTests-Info.plist";
				PRODUCT_NAME = "$(TARGET_NAME)";
				TEST_HOST = "$(BUNDLE_LOADER)";
				WRAPPER_EXTENSION = xctest;
			};
			name = Distribution;
		};
/* End XCBuildConfiguration section */

/* Begin XCConfigurationList section */
		6A81228318F0A13D00D4EA81 /* Build configuration list for PBXProject "iSRB" */ = {
			isa = XCConfigurationList;
			buildConfigurations = (
				6A8122BB18F0A13E00D4EA81 /* Debug */,
				6A8122BC18F0A13E00D4EA81 /* Release */,
				6A9797B319098D6C00BB4B8F /* Distribution */,
			);
			defaultConfigurationIsVisible = 0;
			defaultConfigurationName = Release;
		};
		6A8122BD18F0A13E00D4EA81 /* Build configuration list for PBXNativeTarget "iSRB" */ = {
			isa = XCConfigurationList;
			buildConfigurations = (
				6A8122BE18F0A13E00D4EA81 /* Debug */,
				6A8122BF18F0A13E00D4EA81 /* Release */,
				6A9797B419098D6C00BB4B8F /* Distribution */,
			);
			defaultConfigurationIsVisible = 0;
			defaultConfigurationName = Release;
		};
		6A8122C018F0A13E00D4EA81 /* Build configuration list for PBXNativeTarget "iSRBTests" */ = {
			isa = XCConfigurationList;
			buildConfigurations = (
				6A8122C118F0A13E00D4EA81 /* Debug */,
				6A8122C218F0A13E00D4EA81 /* Release */,
				6A9797B519098D6C00BB4B8F /* Distribution */,
			);
			defaultConfigurationIsVisible = 0;
			defaultConfigurationName = Release;
		};
/* End XCConfigurationList section */
	};
	rootObject = 6A81228018F0A13D00D4EA81 /* Project object */;
}
