// !$*UTF8*$!
{
	archiveVersion = 1;
	classes = {
	};
	objectVersion = 46;
	objects = {

/* Begin PBXBuildFile section */
		6A81228C18F0A13E00D4EA81 /* Foundation.framework in Frameworks */ = {isa = PBXBuildFile; fileRef = 6A81228B18F0A13D00D4EA81 /* Foundation.framework */; };
		6A81228E18F0A13E00D4EA81 /* CoreGraphics.framework in Frameworks */ = {isa = PBXBuildFile; fileRef = 6A81228D18F0A13E00D4EA81 /* CoreGraphics.framework */; };
		6A81229018F0A13E00D4EA81 /* UIKit.framework in Frameworks */ = {isa = PBXBuildFile; fileRef = 6A81228F18F0A13E00D4EA81 /* UIKit.framework */; };
		6A81229618F0A13E00D4EA81 /* InfoPlist.strings in Resources */ = {isa = PBXBuildFile; fileRef = 6A81229418F0A13E00D4EA81 /* InfoPlist.strings */; };
		6A81229818F0A13E00D4EA81 /* main.m in Sources */ = {isa = PBXBuildFile; fileRef = 6A81229718F0A13E00D4EA81 /* main.m */; };
		6A81229C18F0A13E00D4EA81 /* SRBAppDelegate.m in Sources */ = {isa = PBXBuildFile; fileRef = 6A81229B18F0A13E00D4EA81 /* SRBAppDelegate.m */; };
		6A81229F18F0A13E00D4EA81 /* Main.storyboard in Resources */ = {isa = PBXBuildFile; fileRef = 6A81229D18F0A13E00D4EA81 /* Main.storyboard */; };
		6A8122A218F0A13E00D4EA81 /* SRBFirstViewController.m in Sources */ = {isa = PBXBuildFile; fileRef = 6A8122A118F0A13E00D4EA81 /* SRBFirstViewController.m */; };
		6A8122A518F0A13E00D4EA81 /* SRBSecondViewController.m in Sources */ = {isa = PBXBuildFile; fileRef = 6A8122A418F0A13E00D4EA81 /* SRBSecondViewController.m */; };
		6A8122A718F0A13E00D4EA81 /* Images.xcassets in Resources */ = {isa = PBXBuildFile; fileRef = 6A8122A618F0A13E00D4EA81 /* Images.xcassets */; };
		6A8122AE18F0A13E00D4EA81 /* XCTest.framework in Frameworks */ = {isa = PBXBuildFile; fileRef = 6A8122AD18F0A13E00D4EA81 /* XCTest.framework */; };
		6A8122AF18F0A13E00D4EA81 /* Foundation.framework in Frameworks */ = {isa = PBXBuildFile; fileRef = 6A81228B18F0A13D00D4EA81 /* Foundation.framework */; };
		6A8122B018F0A13E00D4EA81 /* UIKit.framework in Frameworks */ = {isa = PBXBuildFile; fileRef = 6A81228F18F0A13E00D4EA81 /* UIKit.framework */; };
		6A8122B818F0A13E00D4EA81 /* InfoPlist.strings in Resources */ = {isa = PBXBuildFile; fileRef = 6A8122B618F0A13E00D4EA81 /* InfoPlist.strings */; };
		6A8122BA18F0A13E00D4EA81 /* iSRBTests.m in Sources */ = {isa = PBXBuildFile; fileRef = 6A8122B918F0A13E00D4EA81 /* iSRBTests.m */; };
		6A8122C518F0A35100D4EA81 /* iPhone(3.5 inch).png in Resources */ = {isa = PBXBuildFile; fileRef = 6A8122C318F0A35100D4EA81 /* iPhone(3.5 inch).png */; };
		6A8122C618F0A35100D4EA81 /* iPhone(4 inch).png in Resources */ = {isa = PBXBuildFile; fileRef = 6A8122C418F0A35100D4EA81 /* iPhone(4 inch).png */; };
		6A8122D818F1D4AF00D4EA81 /* AppIcon29x29.png in Resources */ = {isa = PBXBuildFile; fileRef = 6A8122C818F1D4AE00D4EA81 /* AppIcon29x29.png */; };
		6A8122D918F1D4AF00D4EA81 /* AppIcon29x29@2x.png in Resources */ = {isa = PBXBuildFile; fileRef = 6A8122C918F1D4AF00D4EA81 /* AppIcon29x29@2x.png */; };
		6A8122DA18F1D4AF00D4EA81 /* AppIcon40x40.png in Resources */ = {isa = PBXBuildFile; fileRef = 6A8122CA18F1D4AF00D4EA81 /* AppIcon40x40.png */; };
		6A8122DB18F1D4AF00D4EA81 /* AppIcon40x40@2x.png in Resources */ = {isa = PBXBuildFile; fileRef = 6A8122CB18F1D4AF00D4EA81 /* AppIcon40x40@2x.png */; };
		6A8122DC18F1D4AF00D4EA81 /* AppIcon50x50.png in Resources */ = {isa = PBXBuildFile; fileRef = 6A8122CC18F1D4AF00D4EA81 /* AppIcon50x50.png */; };
		6A8122DD18F1D4AF00D4EA81 /* AppIcon50x50@2x.png in Resources */ = {isa = PBXBuildFile; fileRef = 6A8122CD18F1D4AF00D4EA81 /* AppIcon50x50@2x.png */; };
		6A8122DE18F1D4AF00D4EA81 /* AppIcon57x57.png in Resources */ = {isa = PBXBuildFile; fileRef = 6A8122CE18F1D4AF00D4EA81 /* AppIcon57x57.png */; };
		6A8122DF18F1D4AF00D4EA81 /* AppIcon57x57@2x.png in Resources */ = {isa = PBXBuildFile; fileRef = 6A8122CF18F1D4AF00D4EA81 /* AppIcon57x57@2x.png */; };
		6A8122E018F1D4AF00D4EA81 /* AppIcon60x60.png in Resources */ = {isa = PBXBuildFile; fileRef = 6A8122D018F1D4AF00D4EA81 /* AppIcon60x60.png */; };
		6A8122E118F1D4AF00D4EA81 /* AppIcon60x60@2x.png in Resources */ = {isa = PBXBuildFile; fileRef = 6A8122D118F1D4AF00D4EA81 /* AppIcon60x60@2x.png */; };
		6A8122E218F1D4AF00D4EA81 /* AppIcon72x72.png in Resources */ = {isa = PBXBuildFile; fileRef = 6A8122D218F1D4AF00D4EA81 /* AppIcon72x72.png */; };
		6A8122E318F1D4AF00D4EA81 /* AppIcon72x72@2x.png in Resources */ = {isa = PBXBuildFile; fileRef = 6A8122D318F1D4AF00D4EA81 /* AppIcon72x72@2x.png */; };
		6A8122E418F1D4AF00D4EA81 /* AppIcon76x76.png in Resources */ = {isa = PBXBuildFile; fileRef = 6A8122D418F1D4AF00D4EA81 /* AppIcon76x76.png */; };
		6A8122E518F1D4AF00D4EA81 /* AppIcon76x76@2x.png in Resources */ = {isa = PBXBuildFile; fileRef = 6A8122D518F1D4AF00D4EA81 /* AppIcon76x76@2x.png */; };
		6A8122E618F1D4AF00D4EA81 /* iTunesArtwork.png in Resources */ = {isa = PBXBuildFile; fileRef = 6A8122D618F1D4AF00D4EA81 /* iTunesArtwork.png */; };
		6A8122E718F1D4AF00D4EA81 /* iTunesArtwork@2x.png in Resources */ = {isa = PBXBuildFile; fileRef = 6A8122D718F1D4AF00D4EA81 /* iTunesArtwork@2x.png */; };
/* End PBXBuildFile section */

/* Begin PBXContainerItemProxy section */
		6A8122B118F0A13E00D4EA81 /* PBXContainerItemProxy */ = {
			isa = PBXContainerItemProxy;
			containerPortal = 6A81228018F0A13D00D4EA81 /* Project object */;
			proxyType = 1;
			remoteGlobalIDString = 6A81228718F0A13D00D4EA81;
			remoteInfo = iSRB;
		};
/* End PBXContainerItemProxy section */

/* Begin PBXFileReference section */
		6A81228818F0A13D00D4EA81 /* iSRB.app */ = {isa = PBXFileReference; explicitFileType = wrapper.application; includeInIndex = 0; path = iSRB.app; sourceTree = BUILT_PRODUCTS_DIR; };
		6A81228B18F0A13D00D4EA81 /* Foundation.framework */ = {isa = PBXFileReference; lastKnownFileType = wrapper.framework; name = Foundation.framework; path = System/Library/Frameworks/Foundation.framework; sourceTree = SDKROOT; };
		6A81228D18F0A13E00D4EA81 /* CoreGraphics.framework */ = {isa = PBXFileReference; lastKnownFileType = wrapper.framework; name = CoreGraphics.framework; path = System/Library/Frameworks/CoreGraphics.framework; sourceTree = SDKROOT; };
		6A81228F18F0A13E00D4EA81 /* UIKit.framework */ = {isa = PBXFileReference; lastKnownFileType = wrapper.framework; name = UIKit.framework; path = System/Library/Frameworks/UIKit.framework; sourceTree = SDKROOT; };
		6A81229318F0A13E00D4EA81 /* iSRB-Info.plist */ = {isa = PBXFileReference; lastKnownFileType = text.plist.xml; path = "iSRB-Info.plist"; sourceTree = "<group>"; };
		6A81229518F0A13E00D4EA81 /* en */ = {isa = PBXFileReference; lastKnownFileType = text.plist.strings; name = en; path = en.lproj/InfoPlist.strings; sourceTree = "<group>"; };
		6A81229718F0A13E00D4EA81 /* main.m */ = {isa = PBXFileReference; lastKnownFileType = sourcecode.c.objc; path = main.m; sourceTree = "<group>"; };
		6A81229918F0A13E00D4EA81 /* iSRB-Prefix.pch */ = {isa = PBXFileReference; lastKnownFileType = sourcecode.c.h; path = "iSRB-Prefix.pch"; sourceTree = "<group>"; };
		6A81229A18F0A13E00D4EA81 /* SRBAppDelegate.h */ = {isa = PBXFileReference; lastKnownFileType = sourcecode.c.h; path = SRBAppDelegate.h; sourceTree = "<group>"; };
		6A81229B18F0A13E00D4EA81 /* SRBAppDelegate.m */ = {isa = PBXFileReference; lastKnownFileType = sourcecode.c.objc; path = SRBAppDelegate.m; sourceTree = "<group>"; };
		6A81229E18F0A13E00D4EA81 /* Base */ = {isa = PBXFileReference; lastKnownFileType = file.storyboard; name = Base; path = Base.lproj/Main.storyboard; sourceTree = "<group>"; };
		6A8122A018F0A13E00D4EA81 /* SRBFirstViewController.h */ = {isa = PBXFileReference; lastKnownFileType = sourcecode.c.h; path = SRBFirstViewController.h; sourceTree = "<group>"; };
		6A8122A118F0A13E00D4EA81 /* SRBFirstViewController.m */ = {isa = PBXFileReference; lastKnownFileType = sourcecode.c.objc; path = SRBFirstViewController.m; sourceTree = "<group>"; };
		6A8122A318F0A13E00D4EA81 /* SRBSecondViewController.h */ = {isa = PBXFileReference; lastKnownFileType = sourcecode.c.h; path = SRBSecondViewController.h; sourceTree = "<group>"; };
		6A8122A418F0A13E00D4EA81 /* SRBSecondViewController.m */ = {isa = PBXFileReference; lastKnownFileType = sourcecode.c.objc; path = SRBSecondViewController.m; sourceTree = "<group>"; };
		6A8122A618F0A13E00D4EA81 /* Images.xcassets */ = {isa = PBXFileReference; lastKnownFileType = folder.assetcatalog; path = Images.xcassets; sourceTree = "<group>"; };
		6A8122AC18F0A13E00D4EA81 /* iSRBTests.xctest */ = {isa = PBXFileReference; explicitFileType = wrapper.cfbundle; includeInIndex = 0; path = iSRBTests.xctest; sourceTree = BUILT_PRODUCTS_DIR; };
		6A8122AD18F0A13E00D4EA81 /* XCTest.framework */ = {isa = PBXFileReference; lastKnownFileType = wrapper.framework; name = XCTest.framework; path = Library/Frameworks/XCTest.framework; sourceTree = DEVELOPER_DIR; };
		6A8122B518F0A13E00D4EA81 /* iSRBTests-Info.plist */ = {isa = PBXFileReference; lastKnownFileType = text.plist.xml; path = "iSRBTests-Info.plist"; sourceTree = "<group>"; };
		6A8122B718F0A13E00D4EA81 /* en */ = {isa = PBXFileReference; lastKnownFileType = text.plist.strings; name = en; path = en.lproj/InfoPlist.strings; sourceTree = "<group>"; };
		6A8122B918F0A13E00D4EA81 /* iSRBTests.m */ = {isa = PBXFileReference; lastKnownFileType = sourcecode.c.objc; path = iSRBTests.m; sourceTree = "<group>"; };
		6A8122C318F0A35100D4EA81 /* iPhone(3.5 inch).png */ = {isa = PBXFileReference; lastKnownFileType = image.png; path = "iPhone(3.5 inch).png"; sourceTree = "<group>"; };
		6A8122C418F0A35100D4EA81 /* iPhone(4 inch).png */ = {isa = PBXFileReference; lastKnownFileType = image.png; path = "iPhone(4 inch).png"; sourceTree = "<group>"; };
		6A8122C818F1D4AE00D4EA81 /* AppIcon29x29.png */ = {isa = PBXFileReference; lastKnownFileType = image.png; path = AppIcon29x29.png; sourceTree = "<group>"; };
		6A8122C918F1D4AF00D4EA81 /* AppIcon29x29@2x.png */ = {isa = PBXFileReference; lastKnownFileType = image.png; path = "AppIcon29x29@2x.png"; sourceTree = "<group>"; };
		6A8122CA18F1D4AF00D4EA81 /* AppIcon40x40.png */ = {isa = PBXFileReference; lastKnownFileType = image.png; path = AppIcon40x40.png; sourceTree = "<group>"; };
		6A8122CB18F1D4AF00D4EA81 /* AppIcon40x40@2x.png */ = {isa = PBXFileReference; lastKnownFileType = image.png; path = "AppIcon40x40@2x.png"; sourceTree = "<group>"; };
		6A8122CC18F1D4AF00D4EA81 /* AppIcon50x50.png */ = {isa = PBXFileReference; lastKnownFileType = image.png; path = AppIcon50x50.png; sourceTree = "<group>"; };
		6A8122CD18F1D4AF00D4EA81 /* AppIcon50x50@2x.png */ = {isa = PBXFileReference; lastKnownFileType = image.png; path = "AppIcon50x50@2x.png"; sourceTree = "<group>"; };
		6A8122CE18F1D4AF00D4EA81 /* AppIcon57x57.png */ = {isa = PBXFileReference; lastKnownFileType = image.png; path = AppIcon57x57.png; sourceTree = "<group>"; };
		6A8122CF18F1D4AF00D4EA81 /* AppIcon57x57@2x.png */ = {isa = PBXFileReference; lastKnownFileType = image.png; path = "AppIcon57x57@2x.png"; sourceTree = "<group>"; };
		6A8122D018F1D4AF00D4EA81 /* AppIcon60x60.png */ = {isa = PBXFileReference; lastKnownFileType = image.png; path = AppIcon60x60.png; sourceTree = "<group>"; };
		6A8122D118F1D4AF00D4EA81 /* AppIcon60x60@2x.png */ = {isa = PBXFileReference; lastKnownFileType = image.png; path = "AppIcon60x60@2x.png"; sourceTree = "<group>"; };
		6A8122D218F1D4AF00D4EA81 /* AppIcon72x72.png */ = {isa = PBXFileReference; lastKnownFileType = image.png; path = AppIcon72x72.png; sourceTree = "<group>"; };
		6A8122D318F1D4AF00D4EA81 /* AppIcon72x72@2x.png */ = {isa = PBXFileReference; lastKnownFileType = image.png; path = "AppIcon72x72@2x.png"; sourceTree = "<group>"; };
		6A8122D418F1D4AF00D4EA81 /* AppIcon76x76.png */ = {isa = PBXFileReference; lastKnownFileType = image.png; path = AppIcon76x76.png; sourceTree = "<group>"; };
		6A8122D518F1D4AF00D4EA81 /* AppIcon76x76@2x.png */ = {isa = PBXFileReference; lastKnownFileType = image.png; path = "AppIcon76x76@2x.png"; sourceTree = "<group>"; };
		6A8122D618F1D4AF00D4EA81 /* iTunesArtwork.png */ = {isa = PBXFileReference; lastKnownFileType = image.png; path = iTunesArtwork.png; sourceTree = "<group>"; };
		6A8122D718F1D4AF00D4EA81 /* iTunesArtwork@2x.png */ = {isa = PBXFileReference; lastKnownFileType = image.png; path = "iTunesArtwork@2x.png"; sourceTree = "<group>"; };
/* End PBXFileReference section */

/* Begin PBXFrameworksBuildPhase section */
		6A81228518F0A13D00D4EA81 /* Frameworks */ = {
			isa = PBXFrameworksBuildPhase;
			buildActionMask = 2147483647;
			files = (
				6A81228E18F0A13E00D4EA81 /* CoreGraphics.framework in Frameworks */,
				6A81229018F0A13E00D4EA81 /* UIKit.framework in Frameworks */,
				6A81228C18F0A13E00D4EA81 /* Foundation.framework in Frameworks */,
			);
			runOnlyForDeploymentPostprocessing = 0;
		};
		6A8122A918F0A13E00D4EA81 /* Frameworks */ = {
			isa = PBXFrameworksBuildPhase;
			buildActionMask = 2147483647;
			files = (
				6A8122AE18F0A13E00D4EA81 /* XCTest.framework in Frameworks */,
				6A8122B018F0A13E00D4EA81 /* UIKit.framework in Frameworks */,
				6A8122AF18F0A13E00D4EA81 /* Foundation.framework in Frameworks */,
			);
			runOnlyForDeploymentPostprocessing = 0;
		};
/* End PBXFrameworksBuildPhase section */

/* Begin PBXGroup section */
		6A81227F18F0A13D00D4EA81 = {
			isa = PBXGroup;
			children = (
				6A81229118F0A13E00D4EA81 /* iSRB */,
				6A8122B318F0A13E00D4EA81 /* iSRBTests */,
				6A81228A18F0A13D00D4EA81 /* Frameworks */,
				6A81228918F0A13D00D4EA81 /* Products */,
			);
			sourceTree = "<group>";
		};
		6A81228918F0A13D00D4EA81 /* Products */ = {
			isa = PBXGroup;
			children = (
				6A81228818F0A13D00D4EA81 /* iSRB.app */,
				6A8122AC18F0A13E00D4EA81 /* iSRBTests.xctest */,
			);
			name = Products;
			sourceTree = "<group>";
		};
		6A81228A18F0A13D00D4EA81 /* Frameworks */ = {
			isa = PBXGroup;
			children = (
				6A81228B18F0A13D00D4EA81 /* Foundation.framework */,
				6A81228D18F0A13E00D4EA81 /* CoreGraphics.framework */,
				6A81228F18F0A13E00D4EA81 /* UIKit.framework */,
				6A8122AD18F0A13E00D4EA81 /* XCTest.framework */,
			);
			name = Frameworks;
			sourceTree = "<group>";
		};
		6A81229118F0A13E00D4EA81 /* iSRB */ = {
			isa = PBXGroup;
			children = (
				6A81229A18F0A13E00D4EA81 /* SRBAppDelegate.h */,
				6A81229B18F0A13E00D4EA81 /* SRBAppDelegate.m */,
				6A81229D18F0A13E00D4EA81 /* Main.storyboard */,
				6A8122A018F0A13E00D4EA81 /* SRBFirstViewController.h */,
				6A8122A118F0A13E00D4EA81 /* SRBFirstViewController.m */,
				6A8122A318F0A13E00D4EA81 /* SRBSecondViewController.h */,
				6A8122A418F0A13E00D4EA81 /* SRBSecondViewController.m */,
				6A8122A618F0A13E00D4EA81 /* Images.xcassets */,
				6A81229218F0A13E00D4EA81 /* Supporting Files */,
			);
			path = iSRB;
			sourceTree = "<group>";
		};
		6A81229218F0A13E00D4EA81 /* Supporting Files */ = {
			isa = PBXGroup;
			children = (
				6A8122C718F1D4AE00D4EA81 /* App Icon [Rounded] */,
				6A8122C318F0A35100D4EA81 /* iPhone(3.5 inch).png */,
				6A8122C418F0A35100D4EA81 /* iPhone(4 inch).png */,
				6A81229318F0A13E00D4EA81 /* iSRB-Info.plist */,
				6A81229418F0A13E00D4EA81 /* InfoPlist.strings */,
				6A81229718F0A13E00D4EA81 /* main.m */,
				6A81229918F0A13E00D4EA81 /* iSRB-Prefix.pch */,
			);
			name = "Supporting Files";
			sourceTree = "<group>";
		};
		6A8122B318F0A13E00D4EA81 /* iSRBTests */ = {
			isa = PBXGroup;
			children = (
				6A8122B918F0A13E00D4EA81 /* iSRBTests.m */,
				6A8122B418F0A13E00D4EA81 /* Supporting Files */,
			);
			path = iSRBTests;
			sourceTree = "<group>";
		};
		6A8122B418F0A13E00D4EA81 /* Supporting Files */ = {
			isa = PBXGroup;
			children = (
				6A8122B518F0A13E00D4EA81 /* iSRBTests-Info.plist */,
				6A8122B618F0A13E00D4EA81 /* InfoPlist.strings */,
			);
			name = "Supporting Files";
			sourceTree = "<group>";
		};
		6A8122C718F1D4AE00D4EA81 /* App Icon [Rounded] */ = {
			isa = PBXGroup;
			children = (
				6A8122C818F1D4AE00D4EA81 /* AppIcon29x29.png */,
				6A8122C918F1D4AF00D4EA81 /* AppIcon29x29@2x.png */,
				6A8122CA18F1D4AF00D4EA81 /* AppIcon40x40.png */,
				6A8122CB18F1D4AF00D4EA81 /* AppIcon40x40@2x.png */,
				6A8122CC18F1D4AF00D4EA81 /* AppIcon50x50.png */,
				6A8122CD18F1D4AF00D4EA81 /* AppIcon50x50@2x.png */,
				6A8122CE18F1D4AF00D4EA81 /* AppIcon57x57.png */,
				6A8122CF18F1D4AF00D4EA81 /* AppIcon57x57@2x.png */,
				6A8122D018F1D4AF00D4EA81 /* AppIcon60x60.png */,
				6A8122D118F1D4AF00D4EA81 /* AppIcon60x60@2x.png */,
				6A8122D218F1D4AF00D4EA81 /* AppIcon72x72.png */,
				6A8122D318F1D4AF00D4EA81 /* AppIcon72x72@2x.png */,
				6A8122D418F1D4AF00D4EA81 /* AppIcon76x76.png */,
				6A8122D518F1D4AF00D4EA81 /* AppIcon76x76@2x.png */,
				6A8122D618F1D4AF00D4EA81 /* iTunesArtwork.png */,
				6A8122D718F1D4AF00D4EA81 /* iTunesArtwork@2x.png */,
			);
			name = "App Icon [Rounded]";
			path = "../App Icon [Rounded]";
			sourceTree = "<group>";
		};
/* End PBXGroup section */

/* Begin PBXNativeTarget section */
		6A81228718F0A13D00D4EA81 /* iSRB */ = {
			isa = PBXNativeTarget;
			buildConfigurationList = 6A8122BD18F0A13E00D4EA81 /* Build configuration list for PBXNativeTarget "iSRB" */;
			buildPhases = (
				6A81228418F0A13D00D4EA81 /* Sources */,
				6A81228518F0A13D00D4EA81 /* Frameworks */,
				6A81228618F0A13D00D4EA81 /* Resources */,
			);
			buildRules = (
			);
			dependencies = (
			);
			name = iSRB;
			productName = iSRB;
			productReference = 6A81228818F0A13D00D4EA81 /* iSRB.app */;
			productType = "com.apple.product-type.application";
		};
		6A8122AB18F0A13E00D4EA81 /* iSRBTests */ = {
			isa = PBXNativeTarget;
			buildConfigurationList = 6A8122C018F0A13E00D4EA81 /* Build configuration list for PBXNativeTarget "iSRBTests" */;
			buildPhases = (
				6A8122A818F0A13E00D4EA81 /* Sources */,
				6A8122A918F0A13E00D4EA81 /* Frameworks */,
				6A8122AA18F0A13E00D4EA81 /* Resources */,
			);
			buildRules = (
			);
			dependencies = (
				6A8122B218F0A13E00D4EA81 /* PBXTargetDependency */,
			);
			name = iSRBTests;
			productName = iSRBTests;
			productReference = 6A8122AC18F0A13E00D4EA81 /* iSRBTests.xctest */;
			productType = "com.apple.product-type.bundle.unit-test";
		};
/* End PBXNativeTarget section */

/* Begin PBXProject section */
		6A81228018F0A13D00D4EA81 /* Project object */ = {
			isa = PBXProject;
			attributes = {
				CLASSPREFIX = SRB;
				LastUpgradeCheck = 0510;
				ORGANIZATIONNAME = SarrApps;
				TargetAttributes = {
					6A8122AB18F0A13E00D4EA81 = {
						TestTargetID = 6A81228718F0A13D00D4EA81;
					};
				};
			};
			buildConfigurationList = 6A81228318F0A13D00D4EA81 /* Build configuration list for PBXProject "iSRB" */;
			compatibilityVersion = "Xcode 3.2";
			developmentRegion = English;
			hasScannedForEncodings = 0;
			knownRegions = (
				en,
				Base,
			);
			mainGroup = 6A81227F18F0A13D00D4EA81;
			productRefGroup = 6A81228918F0A13D00D4EA81 /* Products */;
			projectDirPath = "";
			projectRoot = "";
			targets = (
				6A81228718F0A13D00D4EA81 /* iSRB */,
				6A8122AB18F0A13E00D4EA81 /* iSRBTests */,
			);
		};
/* End PBXProject section */

/* Begin PBXResourcesBuildPhase section */
		6A81228618F0A13D00D4EA81 /* Resources */ = {
			isa = PBXResourcesBuildPhase;
			buildActionMask = 2147483647;
			files = (
				6A8122DB18F1D4AF00D4EA81 /* AppIcon40x40@2x.png in Resources */,
				6A8122E518F1D4AF00D4EA81 /* AppIcon76x76@2x.png in Resources */,
				6A8122DE18F1D4AF00D4EA81 /* AppIcon57x57.png in Resources */,
				6A8122C618F0A35100D4EA81 /* iPhone(4 inch).png in Resources */,
				6A8122E418F1D4AF00D4EA81 /* AppIcon76x76.png in Resources */,
				6A8122A718F0A13E00D4EA81 /* Images.xcassets in Resources */,
				6A81229618F0A13E00D4EA81 /* InfoPlist.strings in Resources */,
				6A8122D918F1D4AF00D4EA81 /* AppIcon29x29@2x.png in Resources */,
				6A8122DC18F1D4AF00D4EA81 /* AppIcon50x50.png in Resources */,
				6A8122E218F1D4AF00D4EA81 /* AppIcon72x72.png in Resources */,
				6A81229F18F0A13E00D4EA81 /* Main.storyboard in Resources */,
				6A8122DA18F1D4AF00D4EA81 /* AppIcon40x40.png in Resources */,
				6A8122E018F1D4AF00D4EA81 /* AppIcon60x60.png in Resources */,
				6A8122E118F1D4AF00D4EA81 /* AppIcon60x60@2x.png in Resources */,
				6A8122E318F1D4AF00D4EA81 /* AppIcon72x72@2x.png in Resources */,
				6A8122DF18F1D4AF00D4EA81 /* AppIcon57x57@2x.png in Resources */,
				6A8122E718F1D4AF00D4EA81 /* iTunesArtwork@2x.png in Resources */,
				6A8122DD18F1D4AF00D4EA81 /* AppIcon50x50@2x.png in Resources */,
				6A8122C518F0A35100D4EA81 /* iPhone(3.5 inch).png in Resources */,
				6A8122E618F1D4AF00D4EA81 /* iTunesArtwork.png in Resources */,
				6A8122D818F1D4AF00D4EA81 /* AppIcon29x29.png in Resources */,
			);
			runOnlyForDeploymentPostprocessing = 0;
		};
		6A8122AA18F0A13E00D4EA81 /* Resources */ = {
			isa = PBXResourcesBuildPhase;
			buildActionMask = 2147483647;
			files = (
				6A8122B818F0A13E00D4EA81 /* InfoPlist.strings in Resources */,
			);
			runOnlyForDeploymentPostprocessing = 0;
		};
/* End PBXResourcesBuildPhase section */

/* Begin PBXSourcesBuildPhase section */
		6A81228418F0A13D00D4EA81 /* Sources */ = {
			isa = PBXSourcesBuildPhase;
			buildActionMask = 2147483647;
			files = (
				6A8122A218F0A13E00D4EA81 /* SRBFirstViewController.m in Sources */,
				6A81229C18F0A13E00D4EA81 /* SRBAppDelegate.m in Sources */,
				6A8122A518F0A13E00D4EA81 /* SRBSecondViewController.m in Sources */,
				6A81229818F0A13E00D4EA81 /* main.m in Sources */,
			);
			runOnlyForDeploymentPostprocessing = 0;
		};
		6A8122A818F0A13E00D4EA81 /* Sources */ = {
			isa = PBXSourcesBuildPhase;
			buildActionMask = 2147483647;
			files = (
				6A8122BA18F0A13E00D4EA81 /* iSRBTests.m in Sources */,
			);
			runOnlyForDeploymentPostprocessing = 0;
		};
/* End PBXSourcesBuildPhase section */

/* Begin PBXTargetDependency section */
		6A8122B218F0A13E00D4EA81 /* PBXTargetDependency */ = {
			isa = PBXTargetDependency;
			target = 6A81228718F0A13D00D4EA81 /* iSRB */;
			targetProxy = 6A8122B118F0A13E00D4EA81 /* PBXContainerItemProxy */;
		};
/* End PBXTargetDependency section */

/* Begin PBXVariantGroup section */
		6A81229418F0A13E00D4EA81 /* InfoPlist.strings */ = {
			isa = PBXVariantGroup;
			children = (
				6A81229518F0A13E00D4EA81 /* en */,
			);
			name = InfoPlist.strings;
			sourceTree = "<group>";
		};
		6A81229D18F0A13E00D4EA81 /* Main.storyboard */ = {
			isa = PBXVariantGroup;
			children = (
				6A81229E18F0A13E00D4EA81 /* Base */,
			);
			name = Main.storyboard;
			sourceTree = "<group>";
		};
		6A8122B618F0A13E00D4EA81 /* InfoPlist.strings */ = {
			isa = PBXVariantGroup;
			children = (
				6A8122B718F0A13E00D4EA81 /* en */,
			);
			name = InfoPlist.strings;
			sourceTree = "<group>";
		};
/* End PBXVariantGroup section */

/* Begin XCBuildConfiguration section */
		6A8122BB18F0A13E00D4EA81 /* Debug */ = {
			isa = XCBuildConfiguration;
			buildSettings = {
				ALWAYS_SEARCH_USER_PATHS = NO;
				CLANG_CXX_LANGUAGE_STANDARD = "gnu++0x";
				CLANG_CXX_LIBRARY = "libc++";
				CLANG_ENABLE_MODULES = YES;
				CLANG_ENABLE_OBJC_ARC = YES;
				CLANG_WARN_BOOL_CONVERSION = YES;
				CLANG_WARN_CONSTANT_CONVERSION = YES;
				CLANG_WARN_DIRECT_OBJC_ISA_USAGE = YES_ERROR;
				CLANG_WARN_EMPTY_BODY = YES;
				CLANG_WARN_ENUM_CONVERSION = YES;
				CLANG_WARN_INT_CONVERSION = YES;
				CLANG_WARN_OBJC_ROOT_CLASS = YES_ERROR;
				CLANG_WARN__DUPLICATE_METHOD_MATCH = YES;
				"CODE_SIGN_IDENTITY[sdk=iphoneos*]" = "iPhone Developer";
				COPY_PHASE_STRIP = NO;
				GCC_C_LANGUAGE_STANDARD = gnu99;
				GCC_DYNAMIC_NO_PIC = NO;
				GCC_OPTIMIZATION_LEVEL = 0;
				GCC_PREPROCESSOR_DEFINITIONS = (
					"DEBUG=1",
					"$(inherited)",
				);
				GCC_SYMBOLS_PRIVATE_EXTERN = NO;
				GCC_WARN_64_TO_32_BIT_CONVERSION = YES;
				GCC_WARN_ABOUT_RETURN_TYPE = YES_ERROR;
				GCC_WARN_UNDECLARED_SELECTOR = YES;
				GCC_WARN_UNINITIALIZED_AUTOS = YES_AGGRESSIVE;
				GCC_WARN_UNUSED_FUNCTION = YES;
				GCC_WARN_UNUSED_VARIABLE = YES;
				IPHONEOS_DEPLOYMENT_TARGET = 7.1;
				ONLY_ACTIVE_ARCH = YES;
				SDKROOT = iphoneos;
			};
			name = Debug;
		};
		6A8122BC18F0A13E00D4EA81 /* Release */ = {
			isa = XCBuildConfiguration;
			buildSettings = {
				ALWAYS_SEARCH_USER_PATHS = NO;
				CLANG_CXX_LANGUAGE_STANDARD = "gnu++0x";
				CLANG_CXX_LIBRARY = "libc++";
				CLANG_ENABLE_MODULES = YES;
				CLANG_ENABLE_OBJC_ARC = YES;
				CLANG_WARN_BOOL_CONVERSION = YES;
				CLANG_WARN_CONSTANT_CONVERSION = YES;
				CLANG_WARN_DIRECT_OBJC_ISA_USAGE = YES_ERROR;
				CLANG_WARN_EMPTY_BODY = YES;
				CLANG_WARN_ENUM_CONVERSION = YES;
				CLANG_WARN_INT_CONVERSION = YES;
				CLANG_WARN_OBJC_ROOT_CLASS = YES_ERROR;
				CLANG_WARN__DUPLICATE_METHOD_MATCH = YES;
				"CODE_SIGN_IDENTITY[sdk=iphoneos*]" = "iPhone Developer";
				COPY_PHASE_STRIP = YES;
				ENABLE_NS_ASSERTIONS = NO;
				GCC_C_LANGUAGE_STANDARD = gnu99;
				GCC_WARN_64_TO_32_BIT_CONVERSION = YES;
				GCC_WARN_ABOUT_RETURN_TYPE = YES_ERROR;
				GCC_WARN_UNDECLARED_SELECTOR = YES;
				GCC_WARN_UNINITIALIZED_AUTOS = YES_AGGRESSIVE;
				GCC_WARN_UNUSED_FUNCTION = YES;
				GCC_WARN_UNUSED_VARIABLE = YES;
				IPHONEOS_DEPLOYMENT_TARGET = 7.1;
				SDKROOT = iphoneos;
				VALIDATE_PRODUCT = YES;
			};
			name = Release;
		};
		6A8122BE18F0A13E00D4EA81 /* Debug */ = {
			isa = XCBuildConfiguration;
			buildSettings = {
				ASSETCATALOG_COMPILER_APPICON_NAME = AppIcon;
				ASSETCATALOG_COMPILER_LAUNCHIMAGE_NAME = LaunchImage;
				GCC_PRECOMPILE_PREFIX_HEADER = YES;
				GCC_PREFIX_HEADER = "iSRB/iSRB-Prefix.pch";
				INFOPLIST_FILE = "iSRB/iSRB-Info.plist";
				PRODUCT_NAME = "$(TARGET_NAME)";
				WRAPPER_EXTENSION = app;
			};
			name = Debug;
		};
		6A8122BF18F0A13E00D4EA81 /* Release */ = {
			isa = XCBuildConfiguration;
			buildSettings = {
				ASSETCATALOG_COMPILER_APPICON_NAME = AppIcon;
				ASSETCATALOG_COMPILER_LAUNCHIMAGE_NAME = LaunchImage;
				GCC_PRECOMPILE_PREFIX_HEADER = YES;
				GCC_PREFIX_HEADER = "iSRB/iSRB-Prefix.pch";
				INFOPLIST_FILE = "iSRB/iSRB-Info.plist";
				PRODUCT_NAME = "$(TARGET_NAME)";
				WRAPPER_EXTENSION = app;
			};
			name = Release;
		};
		6A8122C118F0A13E00D4EA81 /* Debug */ = {
			isa = XCBuildConfiguration;
			buildSettings = {
				BUNDLE_LOADER = "$(BUILT_PRODUCTS_DIR)/iSRB.app/iSRB";
				FRAMEWORK_SEARCH_PATHS = (
					"$(SDKROOT)/Developer/Library/Frameworks",
					"$(inherited)",
					"$(DEVELOPER_FRAMEWORKS_DIR)",
				);
				GCC_PRECOMPILE_PREFIX_HEADER = YES;
				GCC_PREFIX_HEADER = "iSRB/iSRB-Prefix.pch";
				GCC_PREPROCESSOR_DEFINITIONS = (
					"DEBUG=1",
					"$(inherited)",
				);
				INFOPLIST_FILE = "iSRBTests/iSRBTests-Info.plist";
				PRODUCT_NAME = "$(TARGET_NAME)";
				TEST_HOST = "$(BUNDLE_LOADER)";
				WRAPPER_EXTENSION = xctest;
			};
			name = Debug;
		};
		6A8122C218F0A13E00D4EA81 /* Release */ = {
			isa = XCBuildConfiguration;
			buildSettings = {
				BUNDLE_LOADER = "$(BUILT_PRODUCTS_DIR)/iSRB.app/iSRB";
				FRAMEWORK_SEARCH_PATHS = (
					"$(SDKROOT)/Developer/Library/Frameworks",
					"$(inherited)",
					"$(DEVELOPER_FRAMEWORKS_DIR)",
				);
				GCC_PRECOMPILE_PREFIX_HEADER = YES;
				GCC_PREFIX_HEADER = "iSRB/iSRB-Prefix.pch";
				INFOPLIST_FILE = "iSRBTests/iSRBTests-Info.plist";
				PRODUCT_NAME = "$(TARGET_NAME)";
				TEST_HOST = "$(BUNDLE_LOADER)";
				WRAPPER_EXTENSION = xctest;
			};
			name = Release;
		};
/* End XCBuildConfiguration section */

/* Begin XCConfigurationList section */
		6A81228318F0A13D00D4EA81 /* Build configuration list for PBXProject "iSRB" */ = {
			isa = XCConfigurationList;
			buildConfigurations = (
				6A8122BB18F0A13E00D4EA81 /* Debug */,
				6A8122BC18F0A13E00D4EA81 /* Release */,
			);
			defaultConfigurationIsVisible = 0;
			defaultConfigurationName = Release;
		};
		6A8122BD18F0A13E00D4EA81 /* Build configuration list for PBXNativeTarget "iSRB" */ = {
			isa = XCConfigurationList;
			buildConfigurations = (
				6A8122BE18F0A13E00D4EA81 /* Debug */,
				6A8122BF18F0A13E00D4EA81 /* Release */,
			);
			defaultConfigurationIsVisible = 0;
		};
		6A8122C018F0A13E00D4EA81 /* Build configuration list for PBXNativeTarget "iSRBTests" */ = {
			isa = XCConfigurationList;
			buildConfigurations = (
				6A8122C118F0A13E00D4EA81 /* Debug */,
				6A8122C218F0A13E00D4EA81 /* Release */,
			);
			defaultConfigurationIsVisible = 0;
		};
/* End XCConfigurationList section */
	};
	rootObject = 6A81228018F0A13D00D4EA81 /* Project object */;
}
